// !$*UTF8*$!
{
	archiveVersion = 1;
	classes = {
	};
	objectVersion = 46;
	objects = {

/* Begin PBXBuildFile section */
		DB1380191B6A86C2004965C7 /* AFHTTPRequestOperation.m in Sources */ = {isa = PBXBuildFile; fileRef = DB137FF41B6A86C2004965C7 /* AFHTTPRequestOperation.m */; };
		DB13801A1B6A86C2004965C7 /* AFHTTPRequestOperationManager.m in Sources */ = {isa = PBXBuildFile; fileRef = DB137FF61B6A86C2004965C7 /* AFHTTPRequestOperationManager.m */; };
		DB13801B1B6A86C2004965C7 /* AFHTTPSessionManager.m in Sources */ = {isa = PBXBuildFile; fileRef = DB137FF81B6A86C2004965C7 /* AFHTTPSessionManager.m */; };
		DB13801C1B6A86C2004965C7 /* AFNetworkReachabilityManager.m in Sources */ = {isa = PBXBuildFile; fileRef = DB137FFB1B6A86C2004965C7 /* AFNetworkReachabilityManager.m */; };
		DB13801D1B6A86C2004965C7 /* AFSecurityPolicy.m in Sources */ = {isa = PBXBuildFile; fileRef = DB137FFD1B6A86C2004965C7 /* AFSecurityPolicy.m */; };
		DB13801E1B6A86C2004965C7 /* AFURLConnectionOperation.m in Sources */ = {isa = PBXBuildFile; fileRef = DB137FFF1B6A86C2004965C7 /* AFURLConnectionOperation.m */; };
		DB13801F1B6A86C2004965C7 /* AFURLRequestSerialization.m in Sources */ = {isa = PBXBuildFile; fileRef = DB1380011B6A86C2004965C7 /* AFURLRequestSerialization.m */; };
		DB1380201B6A86C2004965C7 /* AFURLResponseSerialization.m in Sources */ = {isa = PBXBuildFile; fileRef = DB1380031B6A86C2004965C7 /* AFURLResponseSerialization.m */; };
		DB1380211B6A86C2004965C7 /* AFURLSessionManager.m in Sources */ = {isa = PBXBuildFile; fileRef = DB1380051B6A86C2004965C7 /* AFURLSessionManager.m */; };
		DB1380221B6A86C2004965C7 /* AFNetworkActivityIndicatorManager.m in Sources */ = {isa = PBXBuildFile; fileRef = DB1380081B6A86C2004965C7 /* AFNetworkActivityIndicatorManager.m */; };
		DB1380231B6A86C2004965C7 /* UIActivityIndicatorView+AFNetworking.m in Sources */ = {isa = PBXBuildFile; fileRef = DB13800A1B6A86C2004965C7 /* UIActivityIndicatorView+AFNetworking.m */; };
		DB1380241B6A86C2004965C7 /* UIAlertView+AFNetworking.m in Sources */ = {isa = PBXBuildFile; fileRef = DB13800C1B6A86C2004965C7 /* UIAlertView+AFNetworking.m */; };
		DB1380251B6A86C2004965C7 /* UIButton+AFNetworking.m in Sources */ = {isa = PBXBuildFile; fileRef = DB13800E1B6A86C2004965C7 /* UIButton+AFNetworking.m */; };
		DB1380261B6A86C2004965C7 /* UIImageView+AFNetworking.m in Sources */ = {isa = PBXBuildFile; fileRef = DB1380111B6A86C2004965C7 /* UIImageView+AFNetworking.m */; };
		DB1380271B6A86C2004965C7 /* UIProgressView+AFNetworking.m in Sources */ = {isa = PBXBuildFile; fileRef = DB1380141B6A86C2004965C7 /* UIProgressView+AFNetworking.m */; };
		DB1380281B6A86C2004965C7 /* UIRefreshControl+AFNetworking.m in Sources */ = {isa = PBXBuildFile; fileRef = DB1380161B6A86C2004965C7 /* UIRefreshControl+AFNetworking.m */; };
		DB1380291B6A86C2004965C7 /* UIWebView+AFNetworking.m in Sources */ = {isa = PBXBuildFile; fileRef = DB1380181B6A86C2004965C7 /* UIWebView+AFNetworking.m */; };
		DB13802C1B6B10F0004965C7 /* EventsViewController.m in Sources */ = {isa = PBXBuildFile; fileRef = DB13802B1B6B10F0004965C7 /* EventsViewController.m */; };
		DB13802F1B6B1B93004965C7 /* EventsTableViewCell.m in Sources */ = {isa = PBXBuildFile; fileRef = DB13802E1B6B1B92004965C7 /* EventsTableViewCell.m */; };
		DB1380331B6B24FD004965C7 /* MessagesTableViewCell.m in Sources */ = {isa = PBXBuildFile; fileRef = DB1380321B6B24FD004965C7 /* MessagesTableViewCell.m */; };
		DB1380361B6B250C004965C7 /* MessagesViewController.m in Sources */ = {isa = PBXBuildFile; fileRef = DB1380351B6B250C004965C7 /* MessagesViewController.m */; };
		DB26DD0B1B86B41D005C55F4 /* calendar.png in Resources */ = {isa = PBXBuildFile; fileRef = DB26DD081B86B41D005C55F4 /* calendar.png */; };
		DB26DD0C1B86B41D005C55F4 /* clipboard.png in Resources */ = {isa = PBXBuildFile; fileRef = DB26DD091B86B41D005C55F4 /* clipboard.png */; };
		DB26DD0D1B86B41D005C55F4 /* open book 2.png in Resources */ = {isa = PBXBuildFile; fileRef = DB26DD0A1B86B41D005C55F4 /* open book 2.png */; };
		DB26DD111B86B424005C55F4 /* calendar@2x.png in Resources */ = {isa = PBXBuildFile; fileRef = DB26DD0E1B86B424005C55F4 /* calendar@2x.png */; };
		DB26DD121B86B424005C55F4 /* clipboard@2x.png in Resources */ = {isa = PBXBuildFile; fileRef = DB26DD0F1B86B424005C55F4 /* clipboard@2x.png */; };
		DB26DD131B86B424005C55F4 /* open book 2@2x.png in Resources */ = {isa = PBXBuildFile; fileRef = DB26DD101B86B424005C55F4 /* open book 2@2x.png */; };
		DB27BD1C1B6705100068F0BE /* main.m in Sources */ = {isa = PBXBuildFile; fileRef = DB27BD1B1B6705100068F0BE /* main.m */; };
		DB27BD1F1B6705100068F0BE /* AppDelegate.m in Sources */ = {isa = PBXBuildFile; fileRef = DB27BD1E1B6705100068F0BE /* AppDelegate.m */; };
		DB27BD281B6705110068F0BE /* Main.storyboard in Resources */ = {isa = PBXBuildFile; fileRef = DB27BD261B6705110068F0BE /* Main.storyboard */; };
		DB27BD2A1B6705110068F0BE /* Images.xcassets in Resources */ = {isa = PBXBuildFile; fileRef = DB27BD291B6705110068F0BE /* Images.xcassets */; };
		DB27BD2D1B6705110068F0BE /* LaunchScreen.xib in Resources */ = {isa = PBXBuildFile; fileRef = DB27BD2B1B6705110068F0BE /* LaunchScreen.xib */; };
		DB27BD391B6705110068F0BE /* ccmTests.m in Sources */ = {isa = PBXBuildFile; fileRef = DB27BD381B6705110068F0BE /* ccmTests.m */; };
		DB27BD471B67059E0068F0BE /* ccmModel.xcdatamodeld in Sources */ = {isa = PBXBuildFile; fileRef = DB27BD451B67059E0068F0BE /* ccmModel.xcdatamodeld */; };
		DB27BD4D1B6706B80068F0BE /* SignInViewController.m in Sources */ = {isa = PBXBuildFile; fileRef = DB27BD4C1B6706B80068F0BE /* SignInViewController.m */; };
		DB27BD501B67078A0068F0BE /* SignUpViewController.m in Sources */ = {isa = PBXBuildFile; fileRef = DB27BD4F1B67078A0068F0BE /* SignUpViewController.m */; };
		DB27BD531B670B4F0068F0BE /* AdminRequest.m in Sources */ = {isa = PBXBuildFile; fileRef = DB27BD521B670B4F0068F0BE /* AdminRequest.m */; };
		DB2B7DD71B72E67A00CC2EB5 /* AddMessageViewController.m in Sources */ = {isa = PBXBuildFile; fileRef = DB2B7DD61B72E67A00CC2EB5 /* AddMessageViewController.m */; };
		DB2B7DDA1B72F2A000CC2EB5 /* AddTalkViewController.m in Sources */ = {isa = PBXBuildFile; fileRef = DB2B7DD91B72F2A000CC2EB5 /* AddTalkViewController.m */; };
		DB2B7DE21B72FA6C00CC2EB5 /* SWRevealViewController.m in Sources */ = {isa = PBXBuildFile; fileRef = DB2B7DE11B72FA6C00CC2EB5 /* SWRevealViewController.m */; };
		DB2B7DE51B72FD3600CC2EB5 /* NavTrayViewController.m in Sources */ = {isa = PBXBuildFile; fileRef = DB2B7DE41B72FD3600CC2EB5 /* NavTrayViewController.m */; };
		DB2BFEA11B68615900B12A0B /* Security.framework in Frameworks */ = {isa = PBXBuildFile; fileRef = DB2BFE9E1B6860FF00B12A0B /* Security.framework */; };
		DB2BFEA21B68615900B12A0B /* Foundation.framework in Frameworks */ = {isa = PBXBuildFile; fileRef = DB2BFE9C1B6860F500B12A0B /* Foundation.framework */; };
		DB2BFEA31B68615900B12A0B /* UIKit.framework in Frameworks */ = {isa = PBXBuildFile; fileRef = DB2BFE9A1B6860EC00B12A0B /* UIKit.framework */; };
		DB2BFEA61B6869C700B12A0B /* KeychainItemWrapper.m in Sources */ = {isa = PBXBuildFile; fileRef = DB2BFEA51B6869C700B12A0B /* KeychainItemWrapper.m */; };
		DB2BFEA91B687EA800B12A0B /* StarterViewController.m in Sources */ = {isa = PBXBuildFile; fileRef = DB2BFEA81B687EA800B12A0B /* StarterViewController.m */; };
		DB4907AC1B7951EA005B5242 /* Signups.m in Sources */ = {isa = PBXBuildFile; fileRef = DB4907AB1B7951EA005B5242 /* Signups.m */; };
		DB4907AF1B7951EB005B5242 /* Topics.m in Sources */ = {isa = PBXBuildFile; fileRef = DB4907AE1B7951EB005B5242 /* Topics.m */; };
		DB55D3521B855F41001685C3 /* moreicon-02.png in Resources */ = {isa = PBXBuildFile; fileRef = DB55D3501B855F41001685C3 /* moreicon-02.png */; };
		DB5AA7DD1B6DD10F00308E57 /* MainTabViewController.m in Sources */ = {isa = PBXBuildFile; fileRef = DB5AA7DC1B6DD10F00308E57 /* MainTabViewController.m */; };
		DB78CE811B711EF200132EDB /* DateUtil.m in Sources */ = {isa = PBXBuildFile; fileRef = DB78CE801B711EF200132EDB /* DateUtil.m */; };
		DB8F1C301B6D8B27007B3DAB /* TalksViewController.m in Sources */ = {isa = PBXBuildFile; fileRef = DB8F1C2F1B6D8B27007B3DAB /* TalksViewController.m */; };
		DB8F1C331B6D8B3C007B3DAB /* TalksTableViewCell.m in Sources */ = {isa = PBXBuildFile; fileRef = DB8F1C321B6D8B3C007B3DAB /* TalksTableViewCell.m */; };
		DBA4AE5E1B699E99000613F8 /* Groups.m in Sources */ = {isa = PBXBuildFile; fileRef = DBA4AE5D1B699E99000613F8 /* Groups.m */; };
		DBA4AE611B699E9A000613F8 /* Events.m in Sources */ = {isa = PBXBuildFile; fileRef = DBA4AE601B699E9A000613F8 /* Events.m */; };
		DBA4AE641B699E9A000613F8 /* Talks.m in Sources */ = {isa = PBXBuildFile; fileRef = DBA4AE631B699E9A000613F8 /* Talks.m */; };
		DBA4AE671B699E9A000613F8 /* Messages.m in Sources */ = {isa = PBXBuildFile; fileRef = DBA4AE661B699E9A000613F8 /* Messages.m */; };
		DBA4AE6A1B699E9A000613F8 /* Locations.m in Sources */ = {isa = PBXBuildFile; fileRef = DBA4AE691B699E9A000613F8 /* Locations.m */; };
		DBA4AE6D1B699EE4000613F8 /* DataController.m in Sources */ = {isa = PBXBuildFile; fileRef = DBA4AE6C1B699EE4000613F8 /* DataController.m */; };
		DBA4AE701B69A227000613F8 /* DataRequest.m in Sources */ = {isa = PBXBuildFile; fileRef = DBA4AE6F1B69A227000613F8 /* DataRequest.m */; };
		DBAD31D21B805F64003C1671 /* UIView+Toast.m in Sources */ = {isa = PBXBuildFile; fileRef = DBAD31D11B805F64003C1671 /* UIView+Toast.m */; };
		DBBB54CA1B72808800E6E1B0 /* AddEventViewController.m in Sources */ = {isa = PBXBuildFile; fileRef = DBBB54C91B72808800E6E1B0 /* AddEventViewController.m */; };
		DBCC1EA91B719C24009B8B7B /* StaticDataTableViewController.m in Sources */ = {isa = PBXBuildFile; fileRef = DBCC1EA81B719C24009B8B7B /* StaticDataTableViewController.m */; };
		DBE9E8711B6E8A1700D646E0 /* MsgTableViewController.m in Sources */ = {isa = PBXBuildFile; fileRef = DBE9E8701B6E8A1700D646E0 /* MsgTableViewController.m */; };
		DBE9E8741B6E9DDD00D646E0 /* EventTableViewController.m in Sources */ = {isa = PBXBuildFile; fileRef = DBE9E8731B6E9DDD00D646E0 /* EventTableViewController.m */; };
		DBE9E8771B6E9DEB00D646E0 /* TalkTableViewController.m in Sources */ = {isa = PBXBuildFile; fileRef = DBE9E8761B6E9DEB00D646E0 /* TalkTableViewController.m */; };
		DBEEDD2C1B6FEDBA00CAE8D9 /* MapKit.framework in Frameworks */ = {isa = PBXBuildFile; fileRef = DBEEDD2B1B6FEDBA00CAE8D9 /* MapKit.framework */; };
		DBFB72601B797E090018DA40 /* SignupsViewController.m in Sources */ = {isa = PBXBuildFile; fileRef = DBFB725F1B797E090018DA40 /* SignupsViewController.m */; };
		DBFB72631B797F010018DA40 /* SignupsTableViewCell.m in Sources */ = {isa = PBXBuildFile; fileRef = DBFB72621B797F010018DA40 /* SignupsTableViewCell.m */; };
		DBFB72661B797F9F0018DA40 /* SignupTableViewController.m in Sources */ = {isa = PBXBuildFile; fileRef = DBFB72651B797F9E0018DA40 /* SignupTableViewController.m */; };
		DBFB72691B7980070018DA40 /* AddSignupViewController.m in Sources */ = {isa = PBXBuildFile; fileRef = DBFB72681B7980070018DA40 /* AddSignupViewController.m */; };
/* End PBXBuildFile section */

/* Begin PBXContainerItemProxy section */
		DB27BD331B6705110068F0BE /* PBXContainerItemProxy */ = {
			isa = PBXContainerItemProxy;
			containerPortal = DB27BD0E1B6705100068F0BE /* Project object */;
			proxyType = 1;
			remoteGlobalIDString = DB27BD151B6705100068F0BE;
			remoteInfo = ccm;
		};
/* End PBXContainerItemProxy section */

/* Begin PBXFileReference section */
		DB137FF31B6A86C2004965C7 /* AFHTTPRequestOperation.h */ = {isa = PBXFileReference; fileEncoding = 4; lastKnownFileType = sourcecode.c.h; path = AFHTTPRequestOperation.h; sourceTree = "<group>"; };
		DB137FF41B6A86C2004965C7 /* AFHTTPRequestOperation.m */ = {isa = PBXFileReference; fileEncoding = 4; lastKnownFileType = sourcecode.c.objc; path = AFHTTPRequestOperation.m; sourceTree = "<group>"; };
		DB137FF51B6A86C2004965C7 /* AFHTTPRequestOperationManager.h */ = {isa = PBXFileReference; fileEncoding = 4; lastKnownFileType = sourcecode.c.h; path = AFHTTPRequestOperationManager.h; sourceTree = "<group>"; };
		DB137FF61B6A86C2004965C7 /* AFHTTPRequestOperationManager.m */ = {isa = PBXFileReference; fileEncoding = 4; lastKnownFileType = sourcecode.c.objc; path = AFHTTPRequestOperationManager.m; sourceTree = "<group>"; };
		DB137FF71B6A86C2004965C7 /* AFHTTPSessionManager.h */ = {isa = PBXFileReference; fileEncoding = 4; lastKnownFileType = sourcecode.c.h; path = AFHTTPSessionManager.h; sourceTree = "<group>"; };
		DB137FF81B6A86C2004965C7 /* AFHTTPSessionManager.m */ = {isa = PBXFileReference; fileEncoding = 4; lastKnownFileType = sourcecode.c.objc; path = AFHTTPSessionManager.m; sourceTree = "<group>"; };
		DB137FF91B6A86C2004965C7 /* AFNetworking.h */ = {isa = PBXFileReference; fileEncoding = 4; lastKnownFileType = sourcecode.c.h; path = AFNetworking.h; sourceTree = "<group>"; };
		DB137FFA1B6A86C2004965C7 /* AFNetworkReachabilityManager.h */ = {isa = PBXFileReference; fileEncoding = 4; lastKnownFileType = sourcecode.c.h; path = AFNetworkReachabilityManager.h; sourceTree = "<group>"; };
		DB137FFB1B6A86C2004965C7 /* AFNetworkReachabilityManager.m */ = {isa = PBXFileReference; fileEncoding = 4; lastKnownFileType = sourcecode.c.objc; path = AFNetworkReachabilityManager.m; sourceTree = "<group>"; };
		DB137FFC1B6A86C2004965C7 /* AFSecurityPolicy.h */ = {isa = PBXFileReference; fileEncoding = 4; lastKnownFileType = sourcecode.c.h; path = AFSecurityPolicy.h; sourceTree = "<group>"; };
		DB137FFD1B6A86C2004965C7 /* AFSecurityPolicy.m */ = {isa = PBXFileReference; fileEncoding = 4; lastKnownFileType = sourcecode.c.objc; path = AFSecurityPolicy.m; sourceTree = "<group>"; };
		DB137FFE1B6A86C2004965C7 /* AFURLConnectionOperation.h */ = {isa = PBXFileReference; fileEncoding = 4; lastKnownFileType = sourcecode.c.h; path = AFURLConnectionOperation.h; sourceTree = "<group>"; };
		DB137FFF1B6A86C2004965C7 /* AFURLConnectionOperation.m */ = {isa = PBXFileReference; fileEncoding = 4; lastKnownFileType = sourcecode.c.objc; path = AFURLConnectionOperation.m; sourceTree = "<group>"; };
		DB1380001B6A86C2004965C7 /* AFURLRequestSerialization.h */ = {isa = PBXFileReference; fileEncoding = 4; lastKnownFileType = sourcecode.c.h; path = AFURLRequestSerialization.h; sourceTree = "<group>"; };
		DB1380011B6A86C2004965C7 /* AFURLRequestSerialization.m */ = {isa = PBXFileReference; fileEncoding = 4; lastKnownFileType = sourcecode.c.objc; path = AFURLRequestSerialization.m; sourceTree = "<group>"; };
		DB1380021B6A86C2004965C7 /* AFURLResponseSerialization.h */ = {isa = PBXFileReference; fileEncoding = 4; lastKnownFileType = sourcecode.c.h; path = AFURLResponseSerialization.h; sourceTree = "<group>"; };
		DB1380031B6A86C2004965C7 /* AFURLResponseSerialization.m */ = {isa = PBXFileReference; fileEncoding = 4; lastKnownFileType = sourcecode.c.objc; path = AFURLResponseSerialization.m; sourceTree = "<group>"; };
		DB1380041B6A86C2004965C7 /* AFURLSessionManager.h */ = {isa = PBXFileReference; fileEncoding = 4; lastKnownFileType = sourcecode.c.h; path = AFURLSessionManager.h; sourceTree = "<group>"; };
		DB1380051B6A86C2004965C7 /* AFURLSessionManager.m */ = {isa = PBXFileReference; fileEncoding = 4; lastKnownFileType = sourcecode.c.objc; path = AFURLSessionManager.m; sourceTree = "<group>"; };
		DB1380071B6A86C2004965C7 /* AFNetworkActivityIndicatorManager.h */ = {isa = PBXFileReference; fileEncoding = 4; lastKnownFileType = sourcecode.c.h; path = AFNetworkActivityIndicatorManager.h; sourceTree = "<group>"; };
		DB1380081B6A86C2004965C7 /* AFNetworkActivityIndicatorManager.m */ = {isa = PBXFileReference; fileEncoding = 4; lastKnownFileType = sourcecode.c.objc; path = AFNetworkActivityIndicatorManager.m; sourceTree = "<group>"; };
		DB1380091B6A86C2004965C7 /* UIActivityIndicatorView+AFNetworking.h */ = {isa = PBXFileReference; fileEncoding = 4; lastKnownFileType = sourcecode.c.h; path = "UIActivityIndicatorView+AFNetworking.h"; sourceTree = "<group>"; };
		DB13800A1B6A86C2004965C7 /* UIActivityIndicatorView+AFNetworking.m */ = {isa = PBXFileReference; fileEncoding = 4; lastKnownFileType = sourcecode.c.objc; path = "UIActivityIndicatorView+AFNetworking.m"; sourceTree = "<group>"; };
		DB13800B1B6A86C2004965C7 /* UIAlertView+AFNetworking.h */ = {isa = PBXFileReference; fileEncoding = 4; lastKnownFileType = sourcecode.c.h; path = "UIAlertView+AFNetworking.h"; sourceTree = "<group>"; };
		DB13800C1B6A86C2004965C7 /* UIAlertView+AFNetworking.m */ = {isa = PBXFileReference; fileEncoding = 4; lastKnownFileType = sourcecode.c.objc; path = "UIAlertView+AFNetworking.m"; sourceTree = "<group>"; };
		DB13800D1B6A86C2004965C7 /* UIButton+AFNetworking.h */ = {isa = PBXFileReference; fileEncoding = 4; lastKnownFileType = sourcecode.c.h; path = "UIButton+AFNetworking.h"; sourceTree = "<group>"; };
		DB13800E1B6A86C2004965C7 /* UIButton+AFNetworking.m */ = {isa = PBXFileReference; fileEncoding = 4; lastKnownFileType = sourcecode.c.objc; path = "UIButton+AFNetworking.m"; sourceTree = "<group>"; };
		DB13800F1B6A86C2004965C7 /* UIImage+AFNetworking.h */ = {isa = PBXFileReference; fileEncoding = 4; lastKnownFileType = sourcecode.c.h; path = "UIImage+AFNetworking.h"; sourceTree = "<group>"; };
		DB1380101B6A86C2004965C7 /* UIImageView+AFNetworking.h */ = {isa = PBXFileReference; fileEncoding = 4; lastKnownFileType = sourcecode.c.h; path = "UIImageView+AFNetworking.h"; sourceTree = "<group>"; };
		DB1380111B6A86C2004965C7 /* UIImageView+AFNetworking.m */ = {isa = PBXFileReference; fileEncoding = 4; lastKnownFileType = sourcecode.c.objc; path = "UIImageView+AFNetworking.m"; sourceTree = "<group>"; };
		DB1380121B6A86C2004965C7 /* UIKit+AFNetworking.h */ = {isa = PBXFileReference; fileEncoding = 4; lastKnownFileType = sourcecode.c.h; path = "UIKit+AFNetworking.h"; sourceTree = "<group>"; };
		DB1380131B6A86C2004965C7 /* UIProgressView+AFNetworking.h */ = {isa = PBXFileReference; fileEncoding = 4; lastKnownFileType = sourcecode.c.h; path = "UIProgressView+AFNetworking.h"; sourceTree = "<group>"; };
		DB1380141B6A86C2004965C7 /* UIProgressView+AFNetworking.m */ = {isa = PBXFileReference; fileEncoding = 4; lastKnownFileType = sourcecode.c.objc; path = "UIProgressView+AFNetworking.m"; sourceTree = "<group>"; };
		DB1380151B6A86C2004965C7 /* UIRefreshControl+AFNetworking.h */ = {isa = PBXFileReference; fileEncoding = 4; lastKnownFileType = sourcecode.c.h; path = "UIRefreshControl+AFNetworking.h"; sourceTree = "<group>"; };
		DB1380161B6A86C2004965C7 /* UIRefreshControl+AFNetworking.m */ = {isa = PBXFileReference; fileEncoding = 4; lastKnownFileType = sourcecode.c.objc; path = "UIRefreshControl+AFNetworking.m"; sourceTree = "<group>"; };
		DB1380171B6A86C2004965C7 /* UIWebView+AFNetworking.h */ = {isa = PBXFileReference; fileEncoding = 4; lastKnownFileType = sourcecode.c.h; path = "UIWebView+AFNetworking.h"; sourceTree = "<group>"; };
		DB1380181B6A86C2004965C7 /* UIWebView+AFNetworking.m */ = {isa = PBXFileReference; fileEncoding = 4; lastKnownFileType = sourcecode.c.objc; path = "UIWebView+AFNetworking.m"; sourceTree = "<group>"; };
		DB13802A1B6B10F0004965C7 /* EventsViewController.h */ = {isa = PBXFileReference; fileEncoding = 4; lastKnownFileType = sourcecode.c.h; path = EventsViewController.h; sourceTree = "<group>"; };
		DB13802B1B6B10F0004965C7 /* EventsViewController.m */ = {isa = PBXFileReference; fileEncoding = 4; lastKnownFileType = sourcecode.c.objc; path = EventsViewController.m; sourceTree = "<group>"; };
		DB13802D1B6B1B92004965C7 /* EventsTableViewCell.h */ = {isa = PBXFileReference; fileEncoding = 4; lastKnownFileType = sourcecode.c.h; path = EventsTableViewCell.h; sourceTree = "<group>"; };
		DB13802E1B6B1B92004965C7 /* EventsTableViewCell.m */ = {isa = PBXFileReference; fileEncoding = 4; lastKnownFileType = sourcecode.c.objc; path = EventsTableViewCell.m; sourceTree = "<group>"; };
		DB1380311B6B24FD004965C7 /* MessagesTableViewCell.h */ = {isa = PBXFileReference; fileEncoding = 4; lastKnownFileType = sourcecode.c.h; path = MessagesTableViewCell.h; sourceTree = "<group>"; };
		DB1380321B6B24FD004965C7 /* MessagesTableViewCell.m */ = {isa = PBXFileReference; fileEncoding = 4; lastKnownFileType = sourcecode.c.objc; path = MessagesTableViewCell.m; sourceTree = "<group>"; };
		DB1380341B6B250C004965C7 /* MessagesViewController.h */ = {isa = PBXFileReference; fileEncoding = 4; lastKnownFileType = sourcecode.c.h; path = MessagesViewController.h; sourceTree = "<group>"; };
		DB1380351B6B250C004965C7 /* MessagesViewController.m */ = {isa = PBXFileReference; fileEncoding = 4; lastKnownFileType = sourcecode.c.objc; path = MessagesViewController.m; sourceTree = "<group>"; };
		DB26DD081B86B41D005C55F4 /* calendar.png */ = {isa = PBXFileReference; lastKnownFileType = image.png; path = calendar.png; sourceTree = "<group>"; };
		DB26DD091B86B41D005C55F4 /* clipboard.png */ = {isa = PBXFileReference; lastKnownFileType = image.png; path = clipboard.png; sourceTree = "<group>"; };
		DB26DD0A1B86B41D005C55F4 /* open book 2.png */ = {isa = PBXFileReference; lastKnownFileType = image.png; path = "open book 2.png"; sourceTree = "<group>"; };
		DB26DD0E1B86B424005C55F4 /* calendar@2x.png */ = {isa = PBXFileReference; lastKnownFileType = image.png; path = "calendar@2x.png"; sourceTree = "<group>"; };
		DB26DD0F1B86B424005C55F4 /* clipboard@2x.png */ = {isa = PBXFileReference; lastKnownFileType = image.png; path = "clipboard@2x.png"; sourceTree = "<group>"; };
		DB26DD101B86B424005C55F4 /* open book 2@2x.png */ = {isa = PBXFileReference; lastKnownFileType = image.png; path = "open book 2@2x.png"; sourceTree = "<group>"; };
		DB27BD161B6705100068F0BE /* ccm.app */ = {isa = PBXFileReference; explicitFileType = wrapper.application; includeInIndex = 0; path = ccm.app; sourceTree = BUILT_PRODUCTS_DIR; };
		DB27BD1A1B6705100068F0BE /* Info.plist */ = {isa = PBXFileReference; lastKnownFileType = text.plist.xml; path = Info.plist; sourceTree = "<group>"; };
		DB27BD1B1B6705100068F0BE /* main.m */ = {isa = PBXFileReference; lastKnownFileType = sourcecode.c.objc; path = main.m; sourceTree = "<group>"; };
		DB27BD1D1B6705100068F0BE /* AppDelegate.h */ = {isa = PBXFileReference; lastKnownFileType = sourcecode.c.h; path = AppDelegate.h; sourceTree = "<group>"; };
		DB27BD1E1B6705100068F0BE /* AppDelegate.m */ = {isa = PBXFileReference; lastKnownFileType = sourcecode.c.objc; path = AppDelegate.m; sourceTree = "<group>"; };
		DB27BD271B6705110068F0BE /* Base */ = {isa = PBXFileReference; lastKnownFileType = file.storyboard; name = Base; path = Base.lproj/Main.storyboard; sourceTree = "<group>"; };
		DB27BD291B6705110068F0BE /* Images.xcassets */ = {isa = PBXFileReference; lastKnownFileType = folder.assetcatalog; path = Images.xcassets; sourceTree = "<group>"; };
		DB27BD2C1B6705110068F0BE /* Base */ = {isa = PBXFileReference; lastKnownFileType = file.xib; name = Base; path = Base.lproj/LaunchScreen.xib; sourceTree = "<group>"; };
		DB27BD321B6705110068F0BE /* ccmTests.xctest */ = {isa = PBXFileReference; explicitFileType = wrapper.cfbundle; includeInIndex = 0; path = ccmTests.xctest; sourceTree = BUILT_PRODUCTS_DIR; };
		DB27BD371B6705110068F0BE /* Info.plist */ = {isa = PBXFileReference; lastKnownFileType = text.plist.xml; path = Info.plist; sourceTree = "<group>"; };
		DB27BD381B6705110068F0BE /* ccmTests.m */ = {isa = PBXFileReference; lastKnownFileType = sourcecode.c.objc; path = ccmTests.m; sourceTree = "<group>"; };
		DB27BD461B67059E0068F0BE /* ccmModel.xcdatamodel */ = {isa = PBXFileReference; lastKnownFileType = wrapper.xcdatamodel; path = ccmModel.xcdatamodel; sourceTree = "<group>"; };
		DB27BD4B1B6706B80068F0BE /* SignInViewController.h */ = {isa = PBXFileReference; fileEncoding = 4; lastKnownFileType = sourcecode.c.h; path = SignInViewController.h; sourceTree = "<group>"; };
		DB27BD4C1B6706B80068F0BE /* SignInViewController.m */ = {isa = PBXFileReference; fileEncoding = 4; lastKnownFileType = sourcecode.c.objc; path = SignInViewController.m; sourceTree = "<group>"; };
		DB27BD4E1B67078A0068F0BE /* SignUpViewController.h */ = {isa = PBXFileReference; fileEncoding = 4; lastKnownFileType = sourcecode.c.h; path = SignUpViewController.h; sourceTree = "<group>"; };
		DB27BD4F1B67078A0068F0BE /* SignUpViewController.m */ = {isa = PBXFileReference; fileEncoding = 4; lastKnownFileType = sourcecode.c.objc; path = SignUpViewController.m; sourceTree = "<group>"; };
		DB27BD511B670B4F0068F0BE /* AdminRequest.h */ = {isa = PBXFileReference; fileEncoding = 4; lastKnownFileType = sourcecode.c.h; path = AdminRequest.h; sourceTree = "<group>"; };
		DB27BD521B670B4F0068F0BE /* AdminRequest.m */ = {isa = PBXFileReference; fileEncoding = 4; lastKnownFileType = sourcecode.c.objc; path = AdminRequest.m; sourceTree = "<group>"; };
		DB2B7DD51B72E67A00CC2EB5 /* AddMessageViewController.h */ = {isa = PBXFileReference; fileEncoding = 4; lastKnownFileType = sourcecode.c.h; path = AddMessageViewController.h; sourceTree = "<group>"; };
		DB2B7DD61B72E67A00CC2EB5 /* AddMessageViewController.m */ = {isa = PBXFileReference; fileEncoding = 4; lastKnownFileType = sourcecode.c.objc; path = AddMessageViewController.m; sourceTree = "<group>"; };
		DB2B7DD81B72F2A000CC2EB5 /* AddTalkViewController.h */ = {isa = PBXFileReference; fileEncoding = 4; lastKnownFileType = sourcecode.c.h; path = AddTalkViewController.h; sourceTree = "<group>"; };
		DB2B7DD91B72F2A000CC2EB5 /* AddTalkViewController.m */ = {isa = PBXFileReference; fileEncoding = 4; lastKnownFileType = sourcecode.c.objc; path = AddTalkViewController.m; sourceTree = "<group>"; };
		DB2B7DE01B72FA6C00CC2EB5 /* SWRevealViewController.h */ = {isa = PBXFileReference; fileEncoding = 4; lastKnownFileType = sourcecode.c.h; path = SWRevealViewController.h; sourceTree = "<group>"; };
		DB2B7DE11B72FA6C00CC2EB5 /* SWRevealViewController.m */ = {isa = PBXFileReference; fileEncoding = 4; lastKnownFileType = sourcecode.c.objc; path = SWRevealViewController.m; sourceTree = "<group>"; };
		DB2B7DE31B72FD3600CC2EB5 /* NavTrayViewController.h */ = {isa = PBXFileReference; fileEncoding = 4; lastKnownFileType = sourcecode.c.h; path = NavTrayViewController.h; sourceTree = "<group>"; };
		DB2B7DE41B72FD3600CC2EB5 /* NavTrayViewController.m */ = {isa = PBXFileReference; fileEncoding = 4; lastKnownFileType = sourcecode.c.objc; path = NavTrayViewController.m; sourceTree = "<group>"; };
		DB2BFE941B68588600B12A0B /* Constaints.h */ = {isa = PBXFileReference; lastKnownFileType = sourcecode.c.h; path = Constaints.h; sourceTree = "<group>"; };
		DB2BFE9A1B6860EC00B12A0B /* UIKit.framework */ = {isa = PBXFileReference; lastKnownFileType = wrapper.framework; name = UIKit.framework; path = System/Library/Frameworks/UIKit.framework; sourceTree = SDKROOT; };
		DB2BFE9C1B6860F500B12A0B /* Foundation.framework */ = {isa = PBXFileReference; lastKnownFileType = wrapper.framework; name = Foundation.framework; path = System/Library/Frameworks/Foundation.framework; sourceTree = SDKROOT; };
		DB2BFE9E1B6860FF00B12A0B /* Security.framework */ = {isa = PBXFileReference; lastKnownFileType = wrapper.framework; name = Security.framework; path = System/Library/Frameworks/Security.framework; sourceTree = SDKROOT; };
		DB2BFEA41B6869C700B12A0B /* KeychainItemWrapper.h */ = {isa = PBXFileReference; fileEncoding = 4; lastKnownFileType = sourcecode.c.h; path = KeychainItemWrapper.h; sourceTree = "<group>"; };
		DB2BFEA51B6869C700B12A0B /* KeychainItemWrapper.m */ = {isa = PBXFileReference; fileEncoding = 4; lastKnownFileType = sourcecode.c.objc; path = KeychainItemWrapper.m; sourceTree = "<group>"; };
		DB2BFEA71B687EA800B12A0B /* StarterViewController.h */ = {isa = PBXFileReference; fileEncoding = 4; lastKnownFileType = sourcecode.c.h; path = StarterViewController.h; sourceTree = "<group>"; };
		DB2BFEA81B687EA800B12A0B /* StarterViewController.m */ = {isa = PBXFileReference; fileEncoding = 4; lastKnownFileType = sourcecode.c.objc; path = StarterViewController.m; sourceTree = "<group>"; };
		DB4907AA1B7951EA005B5242 /* Signups.h */ = {isa = PBXFileReference; fileEncoding = 4; lastKnownFileType = sourcecode.c.h; path = Signups.h; sourceTree = "<group>"; };
		DB4907AB1B7951EA005B5242 /* Signups.m */ = {isa = PBXFileReference; fileEncoding = 4; lastKnownFileType = sourcecode.c.objc; path = Signups.m; sourceTree = "<group>"; };
		DB4907AD1B7951EB005B5242 /* Topics.h */ = {isa = PBXFileReference; fileEncoding = 4; lastKnownFileType = sourcecode.c.h; path = Topics.h; sourceTree = "<group>"; };
		DB4907AE1B7951EB005B5242 /* Topics.m */ = {isa = PBXFileReference; fileEncoding = 4; lastKnownFileType = sourcecode.c.objc; path = Topics.m; sourceTree = "<group>"; };
		DB55D3501B855F41001685C3 /* moreicon-02.png */ = {isa = PBXFileReference; lastKnownFileType = image.png; path = "moreicon-02.png"; sourceTree = "<group>"; };
		DB5AA7DB1B6DD10F00308E57 /* MainTabViewController.h */ = {isa = PBXFileReference; fileEncoding = 4; lastKnownFileType = sourcecode.c.h; path = MainTabViewController.h; sourceTree = "<group>"; };
		DB5AA7DC1B6DD10F00308E57 /* MainTabViewController.m */ = {isa = PBXFileReference; fileEncoding = 4; lastKnownFileType = sourcecode.c.objc; path = MainTabViewController.m; sourceTree = "<group>"; };
		DB78CE7F1B711EF200132EDB /* DateUtil.h */ = {isa = PBXFileReference; fileEncoding = 4; lastKnownFileType = sourcecode.c.h; path = DateUtil.h; sourceTree = "<group>"; };
		DB78CE801B711EF200132EDB /* DateUtil.m */ = {isa = PBXFileReference; fileEncoding = 4; lastKnownFileType = sourcecode.c.objc; path = DateUtil.m; sourceTree = "<group>"; };
		DB8F1C2E1B6D8B27007B3DAB /* TalksViewController.h */ = {isa = PBXFileReference; fileEncoding = 4; lastKnownFileType = sourcecode.c.h; path = TalksViewController.h; sourceTree = "<group>"; };
		DB8F1C2F1B6D8B27007B3DAB /* TalksViewController.m */ = {isa = PBXFileReference; fileEncoding = 4; lastKnownFileType = sourcecode.c.objc; path = TalksViewController.m; sourceTree = "<group>"; };
		DB8F1C311B6D8B3C007B3DAB /* TalksTableViewCell.h */ = {isa = PBXFileReference; fileEncoding = 4; lastKnownFileType = sourcecode.c.h; path = TalksTableViewCell.h; sourceTree = "<group>"; };
		DB8F1C321B6D8B3C007B3DAB /* TalksTableViewCell.m */ = {isa = PBXFileReference; fileEncoding = 4; lastKnownFileType = sourcecode.c.objc; path = TalksTableViewCell.m; sourceTree = "<group>"; };
		DBA4AE5C1B699E99000613F8 /* Groups.h */ = {isa = PBXFileReference; fileEncoding = 4; lastKnownFileType = sourcecode.c.h; path = Groups.h; sourceTree = "<group>"; };
		DBA4AE5D1B699E99000613F8 /* Groups.m */ = {isa = PBXFileReference; fileEncoding = 4; lastKnownFileType = sourcecode.c.objc; path = Groups.m; sourceTree = "<group>"; };
		DBA4AE5F1B699E9A000613F8 /* Events.h */ = {isa = PBXFileReference; fileEncoding = 4; lastKnownFileType = sourcecode.c.h; path = Events.h; sourceTree = "<group>"; };
		DBA4AE601B699E9A000613F8 /* Events.m */ = {isa = PBXFileReference; fileEncoding = 4; lastKnownFileType = sourcecode.c.objc; path = Events.m; sourceTree = "<group>"; };
		DBA4AE621B699E9A000613F8 /* Talks.h */ = {isa = PBXFileReference; fileEncoding = 4; lastKnownFileType = sourcecode.c.h; path = Talks.h; sourceTree = "<group>"; };
		DBA4AE631B699E9A000613F8 /* Talks.m */ = {isa = PBXFileReference; fileEncoding = 4; lastKnownFileType = sourcecode.c.objc; path = Talks.m; sourceTree = "<group>"; };
		DBA4AE651B699E9A000613F8 /* Messages.h */ = {isa = PBXFileReference; fileEncoding = 4; lastKnownFileType = sourcecode.c.h; path = Messages.h; sourceTree = "<group>"; };
		DBA4AE661B699E9A000613F8 /* Messages.m */ = {isa = PBXFileReference; fileEncoding = 4; lastKnownFileType = sourcecode.c.objc; path = Messages.m; sourceTree = "<group>"; };
		DBA4AE681B699E9A000613F8 /* Locations.h */ = {isa = PBXFileReference; fileEncoding = 4; lastKnownFileType = sourcecode.c.h; path = Locations.h; sourceTree = "<group>"; };
		DBA4AE691B699E9A000613F8 /* Locations.m */ = {isa = PBXFileReference; fileEncoding = 4; lastKnownFileType = sourcecode.c.objc; path = Locations.m; sourceTree = "<group>"; };
		DBA4AE6B1B699EE4000613F8 /* DataController.h */ = {isa = PBXFileReference; fileEncoding = 4; lastKnownFileType = sourcecode.c.h; path = DataController.h; sourceTree = "<group>"; };
		DBA4AE6C1B699EE4000613F8 /* DataController.m */ = {isa = PBXFileReference; fileEncoding = 4; lastKnownFileType = sourcecode.c.objc; path = DataController.m; sourceTree = "<group>"; };
		DBA4AE6E1B69A227000613F8 /* DataRequest.h */ = {isa = PBXFileReference; fileEncoding = 4; lastKnownFileType = sourcecode.c.h; path = DataRequest.h; sourceTree = "<group>"; };
		DBA4AE6F1B69A227000613F8 /* DataRequest.m */ = {isa = PBXFileReference; fileEncoding = 4; lastKnownFileType = sourcecode.c.objc; path = DataRequest.m; sourceTree = "<group>"; };
		DBAD31D01B805F64003C1671 /* UIView+Toast.h */ = {isa = PBXFileReference; fileEncoding = 4; lastKnownFileType = sourcecode.c.h; path = "UIView+Toast.h"; sourceTree = "<group>"; };
		DBAD31D11B805F64003C1671 /* UIView+Toast.m */ = {isa = PBXFileReference; fileEncoding = 4; lastKnownFileType = sourcecode.c.objc; path = "UIView+Toast.m"; sourceTree = "<group>"; };
		DBBB54C81B72808800E6E1B0 /* AddEventViewController.h */ = {isa = PBXFileReference; fileEncoding = 4; lastKnownFileType = sourcecode.c.h; path = AddEventViewController.h; sourceTree = "<group>"; };
		DBBB54C91B72808800E6E1B0 /* AddEventViewController.m */ = {isa = PBXFileReference; fileEncoding = 4; lastKnownFileType = sourcecode.c.objc; path = AddEventViewController.m; sourceTree = "<group>"; };
		DBCC1EA71B719C24009B8B7B /* StaticDataTableViewController.h */ = {isa = PBXFileReference; fileEncoding = 4; lastKnownFileType = sourcecode.c.h; path = StaticDataTableViewController.h; sourceTree = "<group>"; };
		DBCC1EA81B719C24009B8B7B /* StaticDataTableViewController.m */ = {isa = PBXFileReference; fileEncoding = 4; lastKnownFileType = sourcecode.c.objc; path = StaticDataTableViewController.m; sourceTree = "<group>"; };
		DBE9E86F1B6E8A1700D646E0 /* MsgTableViewController.h */ = {isa = PBXFileReference; fileEncoding = 4; lastKnownFileType = sourcecode.c.h; path = MsgTableViewController.h; sourceTree = "<group>"; };
		DBE9E8701B6E8A1700D646E0 /* MsgTableViewController.m */ = {isa = PBXFileReference; fileEncoding = 4; lastKnownFileType = sourcecode.c.objc; path = MsgTableViewController.m; sourceTree = "<group>"; };
		DBE9E8721B6E9DDD00D646E0 /* EventTableViewController.h */ = {isa = PBXFileReference; fileEncoding = 4; lastKnownFileType = sourcecode.c.h; path = EventTableViewController.h; sourceTree = "<group>"; };
		DBE9E8731B6E9DDD00D646E0 /* EventTableViewController.m */ = {isa = PBXFileReference; fileEncoding = 4; lastKnownFileType = sourcecode.c.objc; path = EventTableViewController.m; sourceTree = "<group>"; };
		DBE9E8751B6E9DEB00D646E0 /* TalkTableViewController.h */ = {isa = PBXFileReference; fileEncoding = 4; lastKnownFileType = sourcecode.c.h; path = TalkTableViewController.h; sourceTree = "<group>"; };
		DBE9E8761B6E9DEB00D646E0 /* TalkTableViewController.m */ = {isa = PBXFileReference; fileEncoding = 4; lastKnownFileType = sourcecode.c.objc; path = TalkTableViewController.m; sourceTree = "<group>"; };
		DBEEDD2B1B6FEDBA00CAE8D9 /* MapKit.framework */ = {isa = PBXFileReference; lastKnownFileType = wrapper.framework; name = MapKit.framework; path = System/Library/Frameworks/MapKit.framework; sourceTree = SDKROOT; };
		DBFB725C1B7978560018DA40 /* ccmModel 2.xcdatamodel */ = {isa = PBXFileReference; lastKnownFileType = wrapper.xcdatamodel; path = "ccmModel 2.xcdatamodel"; sourceTree = "<group>"; };
		DBFB725E1B797E090018DA40 /* SignupsViewController.h */ = {isa = PBXFileReference; fileEncoding = 4; lastKnownFileType = sourcecode.c.h; path = SignupsViewController.h; sourceTree = "<group>"; };
		DBFB725F1B797E090018DA40 /* SignupsViewController.m */ = {isa = PBXFileReference; fileEncoding = 4; lastKnownFileType = sourcecode.c.objc; path = SignupsViewController.m; sourceTree = "<group>"; };
		DBFB72611B797F010018DA40 /* SignupsTableViewCell.h */ = {isa = PBXFileReference; fileEncoding = 4; lastKnownFileType = sourcecode.c.h; path = SignupsTableViewCell.h; sourceTree = "<group>"; };
		DBFB72621B797F010018DA40 /* SignupsTableViewCell.m */ = {isa = PBXFileReference; fileEncoding = 4; lastKnownFileType = sourcecode.c.objc; path = SignupsTableViewCell.m; sourceTree = "<group>"; };
		DBFB72641B797F9E0018DA40 /* SignupTableViewController.h */ = {isa = PBXFileReference; fileEncoding = 4; lastKnownFileType = sourcecode.c.h; path = SignupTableViewController.h; sourceTree = "<group>"; };
		DBFB72651B797F9E0018DA40 /* SignupTableViewController.m */ = {isa = PBXFileReference; fileEncoding = 4; lastKnownFileType = sourcecode.c.objc; path = SignupTableViewController.m; sourceTree = "<group>"; };
		DBFB72671B7980070018DA40 /* AddSignupViewController.h */ = {isa = PBXFileReference; fileEncoding = 4; lastKnownFileType = sourcecode.c.h; path = AddSignupViewController.h; sourceTree = "<group>"; };
		DBFB72681B7980070018DA40 /* AddSignupViewController.m */ = {isa = PBXFileReference; fileEncoding = 4; lastKnownFileType = sourcecode.c.objc; path = AddSignupViewController.m; sourceTree = "<group>"; };
/* End PBXFileReference section */

/* Begin PBXFrameworksBuildPhase section */
		DB27BD131B6705100068F0BE /* Frameworks */ = {
			isa = PBXFrameworksBuildPhase;
			buildActionMask = 2147483647;
			files = (
				DB2BFEA21B68615900B12A0B /* Foundation.framework in Frameworks */,
				DB2BFEA31B68615900B12A0B /* UIKit.framework in Frameworks */,
				DBEEDD2C1B6FEDBA00CAE8D9 /* MapKit.framework in Frameworks */,
				DB2BFEA11B68615900B12A0B /* Security.framework in Frameworks */,
			);
			runOnlyForDeploymentPostprocessing = 0;
		};
		DB27BD2F1B6705110068F0BE /* Frameworks */ = {
			isa = PBXFrameworksBuildPhase;
			buildActionMask = 2147483647;
			files = (
			);
			runOnlyForDeploymentPostprocessing = 0;
		};
/* End PBXFrameworksBuildPhase section */

/* Begin PBXGroup section */
		DB07B1C31B811A790069DA2F /* Resources */ = {
			isa = PBXGroup;
			children = (
				DB07B1C41B811A8A0069DA2F /* images */,
			);
			name = Resources;
			path = ccmTests;
			sourceTree = "<group>";
		};
		DB07B1C41B811A8A0069DA2F /* images */ = {
			isa = PBXGroup;
			children = (
				DB26DD0E1B86B424005C55F4 /* calendar@2x.png */,
				DB26DD0F1B86B424005C55F4 /* clipboard@2x.png */,
				DB26DD101B86B424005C55F4 /* open book 2@2x.png */,
				DB26DD081B86B41D005C55F4 /* calendar.png */,
				DB26DD091B86B41D005C55F4 /* clipboard.png */,
				DB26DD0A1B86B41D005C55F4 /* open book 2.png */,
				DB55D3501B855F41001685C3 /* moreicon-02.png */,
			);
			name = images;
			sourceTree = "<group>";
		};
		DB137FF11B6A865E004965C7 /* Vendor */ = {
			isa = PBXGroup;
			children = (
				DB137FF21B6A86C2004965C7 /* AFNetworking */,
				DB1380061B6A86C2004965C7 /* UIKit+AFNetworking */,
			);
			name = Vendor;
			path = ccmTests;
			sourceTree = "<group>";
		};
		DB137FF21B6A86C2004965C7 /* AFNetworking */ = {
			isa = PBXGroup;
			children = (
				DB137FF31B6A86C2004965C7 /* AFHTTPRequestOperation.h */,
				DB137FF41B6A86C2004965C7 /* AFHTTPRequestOperation.m */,
				DB137FF51B6A86C2004965C7 /* AFHTTPRequestOperationManager.h */,
				DB137FF61B6A86C2004965C7 /* AFHTTPRequestOperationManager.m */,
				DB137FF71B6A86C2004965C7 /* AFHTTPSessionManager.h */,
				DB137FF81B6A86C2004965C7 /* AFHTTPSessionManager.m */,
				DB137FF91B6A86C2004965C7 /* AFNetworking.h */,
				DB137FFA1B6A86C2004965C7 /* AFNetworkReachabilityManager.h */,
				DB137FFB1B6A86C2004965C7 /* AFNetworkReachabilityManager.m */,
				DB137FFC1B6A86C2004965C7 /* AFSecurityPolicy.h */,
				DB137FFD1B6A86C2004965C7 /* AFSecurityPolicy.m */,
				DB137FFE1B6A86C2004965C7 /* AFURLConnectionOperation.h */,
				DB137FFF1B6A86C2004965C7 /* AFURLConnectionOperation.m */,
				DB1380001B6A86C2004965C7 /* AFURLRequestSerialization.h */,
				DB1380011B6A86C2004965C7 /* AFURLRequestSerialization.m */,
				DB1380021B6A86C2004965C7 /* AFURLResponseSerialization.h */,
				DB1380031B6A86C2004965C7 /* AFURLResponseSerialization.m */,
				DB1380041B6A86C2004965C7 /* AFURLSessionManager.h */,
				DB1380051B6A86C2004965C7 /* AFURLSessionManager.m */,
			);
			path = AFNetworking;
			sourceTree = "<group>";
		};
		DB1380061B6A86C2004965C7 /* UIKit+AFNetworking */ = {
			isa = PBXGroup;
			children = (
				DB1380071B6A86C2004965C7 /* AFNetworkActivityIndicatorManager.h */,
				DB1380081B6A86C2004965C7 /* AFNetworkActivityIndicatorManager.m */,
				DB1380091B6A86C2004965C7 /* UIActivityIndicatorView+AFNetworking.h */,
				DB13800A1B6A86C2004965C7 /* UIActivityIndicatorView+AFNetworking.m */,
				DB13800B1B6A86C2004965C7 /* UIAlertView+AFNetworking.h */,
				DB13800C1B6A86C2004965C7 /* UIAlertView+AFNetworking.m */,
				DB13800D1B6A86C2004965C7 /* UIButton+AFNetworking.h */,
				DB13800E1B6A86C2004965C7 /* UIButton+AFNetworking.m */,
				DB13800F1B6A86C2004965C7 /* UIImage+AFNetworking.h */,
				DB1380101B6A86C2004965C7 /* UIImageView+AFNetworking.h */,
				DB1380111B6A86C2004965C7 /* UIImageView+AFNetworking.m */,
				DB1380121B6A86C2004965C7 /* UIKit+AFNetworking.h */,
				DB1380131B6A86C2004965C7 /* UIProgressView+AFNetworking.h */,
				DB1380141B6A86C2004965C7 /* UIProgressView+AFNetworking.m */,
				DB1380151B6A86C2004965C7 /* UIRefreshControl+AFNetworking.h */,
				DB1380161B6A86C2004965C7 /* UIRefreshControl+AFNetworking.m */,
				DB1380171B6A86C2004965C7 /* UIWebView+AFNetworking.h */,
				DB1380181B6A86C2004965C7 /* UIWebView+AFNetworking.m */,
			);
			path = "UIKit+AFNetworking";
			sourceTree = "<group>";
		};
		DB1380301B6B1B96004965C7 /* events view */ = {
			isa = PBXGroup;
			children = (
				DB13802A1B6B10F0004965C7 /* EventsViewController.h */,
				DB13802B1B6B10F0004965C7 /* EventsViewController.m */,
				DB13802D1B6B1B92004965C7 /* EventsTableViewCell.h */,
				DB13802E1B6B1B92004965C7 /* EventsTableViewCell.m */,
				DBE9E8721B6E9DDD00D646E0 /* EventTableViewController.h */,
				DBE9E8731B6E9DDD00D646E0 /* EventTableViewController.m */,
				DBBB54C81B72808800E6E1B0 /* AddEventViewController.h */,
				DBBB54C91B72808800E6E1B0 /* AddEventViewController.m */,
			);
			name = "events view";
			sourceTree = "<group>";
		};
		DB1380371B6B27FC004965C7 /* msgs view */ = {
			isa = PBXGroup;
			children = (
				DB1380341B6B250C004965C7 /* MessagesViewController.h */,
				DB1380351B6B250C004965C7 /* MessagesViewController.m */,
				DB1380311B6B24FD004965C7 /* MessagesTableViewCell.h */,
				DB1380321B6B24FD004965C7 /* MessagesTableViewCell.m */,
				DBE9E86F1B6E8A1700D646E0 /* MsgTableViewController.h */,
				DBE9E8701B6E8A1700D646E0 /* MsgTableViewController.m */,
				DB2B7DD51B72E67A00CC2EB5 /* AddMessageViewController.h */,
				DB2B7DD61B72E67A00CC2EB5 /* AddMessageViewController.m */,
			);
			name = "msgs view";
			sourceTree = "<group>";
		};
		DB27BD0D1B6705100068F0BE = {
			isa = PBXGroup;
			children = (
				DB27BD181B6705100068F0BE /* ccm */,
				DB137FF11B6A865E004965C7 /* Vendor */,
				DB27BD351B6705110068F0BE /* ccmTests */,
				DB07B1C31B811A790069DA2F /* Resources */,
				DB2BFEA01B68610400B12A0B /* Frameworks */,
				DB27BD171B6705100068F0BE /* Products */,
			);
			sourceTree = "<group>";
		};
		DB27BD171B6705100068F0BE /* Products */ = {
			isa = PBXGroup;
			children = (
				DB27BD161B6705100068F0BE /* ccm.app */,
				DB27BD321B6705110068F0BE /* ccmTests.xctest */,
			);
			name = Products;
			sourceTree = "<group>";
		};
		DB27BD181B6705100068F0BE /* ccm */ = {
			isa = PBXGroup;
			children = (
				DBA4AE5B1B699E74000613F8 /* data */,
				DB2BFE931B68580A00B12A0B /* utils */,
				DB27BD1D1B6705100068F0BE /* AppDelegate.h */,
				DB27BD1E1B6705100068F0BE /* AppDelegate.m */,
				DB5AA7DE1B6DD11900308E57 /* principal views */,
				DB8F1C2D1B6D8B18007B3DAB /* talks view */,
				DBFB725D1B797DD20018DA40 /* signups view */,
				DB1380301B6B1B96004965C7 /* events view */,
				DB1380371B6B27FC004965C7 /* msgs view */,
				DB27BD481B6705F90068F0BE /* admin */,
				DB27BD261B6705110068F0BE /* Main.storyboard */,
				DB27BD291B6705110068F0BE /* Images.xcassets */,
				DB27BD2B1B6705110068F0BE /* LaunchScreen.xib */,
				DB27BD191B6705100068F0BE /* Supporting Files */,
			);
			path = ccm;
			sourceTree = "<group>";
		};
		DB27BD191B6705100068F0BE /* Supporting Files */ = {
			isa = PBXGroup;
			children = (
				DB27BD1A1B6705100068F0BE /* Info.plist */,
				DB27BD1B1B6705100068F0BE /* main.m */,
			);
			name = "Supporting Files";
			sourceTree = "<group>";
		};
		DB27BD351B6705110068F0BE /* ccmTests */ = {
			isa = PBXGroup;
			children = (
				DB27BD381B6705110068F0BE /* ccmTests.m */,
				DB27BD361B6705110068F0BE /* Supporting Files */,
			);
			path = ccmTests;
			sourceTree = "<group>";
		};
		DB27BD361B6705110068F0BE /* Supporting Files */ = {
			isa = PBXGroup;
			children = (
				DB27BD371B6705110068F0BE /* Info.plist */,
			);
			name = "Supporting Files";
			sourceTree = "<group>";
		};
		DB27BD481B6705F90068F0BE /* admin */ = {
			isa = PBXGroup;
			children = (
				DB27BD4E1B67078A0068F0BE /* SignUpViewController.h */,
				DB27BD4F1B67078A0068F0BE /* SignUpViewController.m */,
				DB27BD4B1B6706B80068F0BE /* SignInViewController.h */,
				DB27BD4C1B6706B80068F0BE /* SignInViewController.m */,
				DB27BD511B670B4F0068F0BE /* AdminRequest.h */,
				DB27BD521B670B4F0068F0BE /* AdminRequest.m */,
			);
			name = admin;
			sourceTree = "<group>";
		};
		DB2B7DDF1B72FA6C00CC2EB5 /* SWRevealViewController */ = {
			isa = PBXGroup;
			children = (
				DB2B7DE01B72FA6C00CC2EB5 /* SWRevealViewController.h */,
				DB2B7DE11B72FA6C00CC2EB5 /* SWRevealViewController.m */,
			);
			path = SWRevealViewController;
			sourceTree = "<group>";
		};
		DB2BFE931B68580A00B12A0B /* utils */ = {
			isa = PBXGroup;
			children = (
				DBAD31CF1B805F64003C1671 /* Toast */,
				DB2B7DDF1B72FA6C00CC2EB5 /* SWRevealViewController */,
				DBCC1EA71B719C24009B8B7B /* StaticDataTableViewController.h */,
				DBCC1EA81B719C24009B8B7B /* StaticDataTableViewController.m */,
				DB2BFEA41B6869C700B12A0B /* KeychainItemWrapper.h */,
				DB2BFEA51B6869C700B12A0B /* KeychainItemWrapper.m */,
				DB2BFE941B68588600B12A0B /* Constaints.h */,
				DB78CE7F1B711EF200132EDB /* DateUtil.h */,
				DB78CE801B711EF200132EDB /* DateUtil.m */,
			);
			name = utils;
			sourceTree = "<group>";
		};
		DB2BFEA01B68610400B12A0B /* Frameworks */ = {
			isa = PBXGroup;
			children = (
				DBEEDD2B1B6FEDBA00CAE8D9 /* MapKit.framework */,
				DB2BFE9E1B6860FF00B12A0B /* Security.framework */,
				DB2BFE9C1B6860F500B12A0B /* Foundation.framework */,
				DB2BFE9A1B6860EC00B12A0B /* UIKit.framework */,
			);
			name = Frameworks;
			sourceTree = "<group>";
		};
		DB5AA7DE1B6DD11900308E57 /* principal views */ = {
			isa = PBXGroup;
			children = (
				DB5AA7DB1B6DD10F00308E57 /* MainTabViewController.h */,
				DB5AA7DC1B6DD10F00308E57 /* MainTabViewController.m */,
				DB2BFEA71B687EA800B12A0B /* StarterViewController.h */,
				DB2BFEA81B687EA800B12A0B /* StarterViewController.m */,
				DB2B7DE31B72FD3600CC2EB5 /* NavTrayViewController.h */,
				DB2B7DE41B72FD3600CC2EB5 /* NavTrayViewController.m */,
			);
			name = "principal views";
			sourceTree = "<group>";
		};
		DB8F1C2D1B6D8B18007B3DAB /* talks view */ = {
			isa = PBXGroup;
			children = (
				DB8F1C2E1B6D8B27007B3DAB /* TalksViewController.h */,
				DB8F1C2F1B6D8B27007B3DAB /* TalksViewController.m */,
				DB8F1C311B6D8B3C007B3DAB /* TalksTableViewCell.h */,
				DB8F1C321B6D8B3C007B3DAB /* TalksTableViewCell.m */,
				DBE9E8751B6E9DEB00D646E0 /* TalkTableViewController.h */,
				DBE9E8761B6E9DEB00D646E0 /* TalkTableViewController.m */,
				DB2B7DD81B72F2A000CC2EB5 /* AddTalkViewController.h */,
				DB2B7DD91B72F2A000CC2EB5 /* AddTalkViewController.m */,
			);
			name = "talks view";
			sourceTree = "<group>";
		};
		DBA4AE5B1B699E74000613F8 /* data */ = {
			isa = PBXGroup;
			children = (
				DB27BD451B67059E0068F0BE /* ccmModel.xcdatamodeld */,
				DB4907AD1B7951EB005B5242 /* Topics.h */,
				DB4907AE1B7951EB005B5242 /* Topics.m */,
				DB4907AA1B7951EA005B5242 /* Signups.h */,
				DB4907AB1B7951EA005B5242 /* Signups.m */,
				DBA4AE6E1B69A227000613F8 /* DataRequest.h */,
				DBA4AE6F1B69A227000613F8 /* DataRequest.m */,
				DBA4AE6B1B699EE4000613F8 /* DataController.h */,
				DBA4AE6C1B699EE4000613F8 /* DataController.m */,
				DBA4AE681B699E9A000613F8 /* Locations.h */,
				DBA4AE691B699E9A000613F8 /* Locations.m */,
				DBA4AE651B699E9A000613F8 /* Messages.h */,
				DBA4AE661B699E9A000613F8 /* Messages.m */,
				DBA4AE621B699E9A000613F8 /* Talks.h */,
				DBA4AE631B699E9A000613F8 /* Talks.m */,
				DBA4AE5F1B699E9A000613F8 /* Events.h */,
				DBA4AE601B699E9A000613F8 /* Events.m */,
				DBA4AE5C1B699E99000613F8 /* Groups.h */,
				DBA4AE5D1B699E99000613F8 /* Groups.m */,
			);
			name = data;
			sourceTree = "<group>";
		};
		DBAD31CF1B805F64003C1671 /* Toast */ = {
			isa = PBXGroup;
			children = (
				DBAD31D01B805F64003C1671 /* UIView+Toast.h */,
				DBAD31D11B805F64003C1671 /* UIView+Toast.m */,
			);
			name = Toast;
			path = SWRevealViewController/Toast;
			sourceTree = "<group>";
		};
		DBFB725D1B797DD20018DA40 /* signups view */ = {
			isa = PBXGroup;
			children = (
				DBFB725E1B797E090018DA40 /* SignupsViewController.h */,
				DBFB725F1B797E090018DA40 /* SignupsViewController.m */,
				DBFB72611B797F010018DA40 /* SignupsTableViewCell.h */,
				DBFB72621B797F010018DA40 /* SignupsTableViewCell.m */,
				DBFB72641B797F9E0018DA40 /* SignupTableViewController.h */,
				DBFB72651B797F9E0018DA40 /* SignupTableViewController.m */,
				DBFB72671B7980070018DA40 /* AddSignupViewController.h */,
				DBFB72681B7980070018DA40 /* AddSignupViewController.m */,
			);
			name = "signups view";
			sourceTree = "<group>";
		};
/* End PBXGroup section */

/* Begin PBXNativeTarget section */
		DB27BD151B6705100068F0BE /* ccm */ = {
			isa = PBXNativeTarget;
			buildConfigurationList = DB27BD3C1B6705110068F0BE /* Build configuration list for PBXNativeTarget "ccm" */;
			buildPhases = (
				DB27BD121B6705100068F0BE /* Sources */,
				DB27BD131B6705100068F0BE /* Frameworks */,
				DB27BD141B6705100068F0BE /* Resources */,
			);
			buildRules = (
			);
			dependencies = (
			);
			name = ccm;
			productName = ccm;
			productReference = DB27BD161B6705100068F0BE /* ccm.app */;
			productType = "com.apple.product-type.application";
		};
		DB27BD311B6705110068F0BE /* ccmTests */ = {
			isa = PBXNativeTarget;
			buildConfigurationList = DB27BD3F1B6705110068F0BE /* Build configuration list for PBXNativeTarget "ccmTests" */;
			buildPhases = (
				DB27BD2E1B6705110068F0BE /* Sources */,
				DB27BD2F1B6705110068F0BE /* Frameworks */,
				DB27BD301B6705110068F0BE /* Resources */,
			);
			buildRules = (
			);
			dependencies = (
				DB27BD341B6705110068F0BE /* PBXTargetDependency */,
			);
			name = ccmTests;
			productName = ccmTests;
			productReference = DB27BD321B6705110068F0BE /* ccmTests.xctest */;
			productType = "com.apple.product-type.bundle.unit-test";
		};
/* End PBXNativeTarget section */

/* Begin PBXProject section */
		DB27BD0E1B6705100068F0BE /* Project object */ = {
			isa = PBXProject;
			attributes = {
				LastUpgradeCheck = 0630;
				ORGANIZATIONNAME = "Brenton Durkee";
				TargetAttributes = {
					DB27BD151B6705100068F0BE = {
						CreatedOnToolsVersion = 6.3;
						DevelopmentTeam = KWBQL246F3;
						SystemCapabilities = {
							com.apple.BackgroundModes = {
								enabled = 1;
							};
							com.apple.Maps.iOS = {
								enabled = 1;
							};
						};
					};
					DB27BD311B6705110068F0BE = {
						CreatedOnToolsVersion = 6.3;
						TestTargetID = DB27BD151B6705100068F0BE;
					};
				};
			};
			buildConfigurationList = DB27BD111B6705100068F0BE /* Build configuration list for PBXProject "ccm" */;
			compatibilityVersion = "Xcode 3.2";
			developmentRegion = English;
			hasScannedForEncodings = 0;
			knownRegions = (
				en,
				Base,
			);
			mainGroup = DB27BD0D1B6705100068F0BE;
			productRefGroup = DB27BD171B6705100068F0BE /* Products */;
			projectDirPath = "";
			projectRoot = "";
			targets = (
				DB27BD151B6705100068F0BE /* ccm */,
				DB27BD311B6705110068F0BE /* ccmTests */,
			);
		};
/* End PBXProject section */

/* Begin PBXResourcesBuildPhase section */
		DB27BD141B6705100068F0BE /* Resources */ = {
			isa = PBXResourcesBuildPhase;
			buildActionMask = 2147483647;
			files = (
				DB26DD0C1B86B41D005C55F4 /* clipboard.png in Resources */,
				DB55D3521B855F41001685C3 /* moreicon-02.png in Resources */,
				DB26DD121B86B424005C55F4 /* clipboard@2x.png in Resources */,
				DB27BD281B6705110068F0BE /* Main.storyboard in Resources */,
				DB26DD0B1B86B41D005C55F4 /* calendar.png in Resources */,
				DB27BD2D1B6705110068F0BE /* LaunchScreen.xib in Resources */,
				DB27BD2A1B6705110068F0BE /* Images.xcassets in Resources */,
				DB26DD111B86B424005C55F4 /* calendar@2x.png in Resources */,
				DB26DD131B86B424005C55F4 /* open book 2@2x.png in Resources */,
				DB26DD0D1B86B41D005C55F4 /* open book 2.png in Resources */,
			);
			runOnlyForDeploymentPostprocessing = 0;
		};
		DB27BD301B6705110068F0BE /* Resources */ = {
			isa = PBXResourcesBuildPhase;
			buildActionMask = 2147483647;
			files = (
			);
			runOnlyForDeploymentPostprocessing = 0;
		};
/* End PBXResourcesBuildPhase section */

/* Begin PBXSourcesBuildPhase section */
		DB27BD121B6705100068F0BE /* Sources */ = {
			isa = PBXSourcesBuildPhase;
			buildActionMask = 2147483647;
			files = (
				DBCC1EA91B719C24009B8B7B /* StaticDataTableViewController.m in Sources */,
				DBFB72631B797F010018DA40 /* SignupsTableViewCell.m in Sources */,
				DB8F1C331B6D8B3C007B3DAB /* TalksTableViewCell.m in Sources */,
				DBFB72661B797F9F0018DA40 /* SignupTableViewController.m in Sources */,
				DB13801D1B6A86C2004965C7 /* AFSecurityPolicy.m in Sources */,
				DB13801A1B6A86C2004965C7 /* AFHTTPRequestOperationManager.m in Sources */,
				DB1380191B6A86C2004965C7 /* AFHTTPRequestOperation.m in Sources */,
				DBA4AE6A1B699E9A000613F8 /* Locations.m in Sources */,
				DBFB72601B797E090018DA40 /* SignupsViewController.m in Sources */,
				DBE9E8771B6E9DEB00D646E0 /* TalkTableViewController.m in Sources */,
				DB27BD1F1B6705100068F0BE /* AppDelegate.m in Sources */,
				DBA4AE671B699E9A000613F8 /* Messages.m in Sources */,
				DB2B7DD71B72E67A00CC2EB5 /* AddMessageViewController.m in Sources */,
				DB1380251B6A86C2004965C7 /* UIButton+AFNetworking.m in Sources */,
				DB2BFEA91B687EA800B12A0B /* StarterViewController.m in Sources */,
				DB13802F1B6B1B93004965C7 /* EventsTableViewCell.m in Sources */,
				DB1380261B6A86C2004965C7 /* UIImageView+AFNetworking.m in Sources */,
				DB78CE811B711EF200132EDB /* DateUtil.m in Sources */,
				DBA4AE6D1B699EE4000613F8 /* DataController.m in Sources */,
				DB1380361B6B250C004965C7 /* MessagesViewController.m in Sources */,
				DB1380271B6A86C2004965C7 /* UIProgressView+AFNetworking.m in Sources */,
				DBFB72691B7980070018DA40 /* AddSignupViewController.m in Sources */,
				DB27BD1C1B6705100068F0BE /* main.m in Sources */,
				DB1380221B6A86C2004965C7 /* AFNetworkActivityIndicatorManager.m in Sources */,
				DB2B7DE21B72FA6C00CC2EB5 /* SWRevealViewController.m in Sources */,
				DB4907AC1B7951EA005B5242 /* Signups.m in Sources */,
				DB27BD4D1B6706B80068F0BE /* SignInViewController.m in Sources */,
				DB1380291B6A86C2004965C7 /* UIWebView+AFNetworking.m in Sources */,
				DB13801B1B6A86C2004965C7 /* AFHTTPSessionManager.m in Sources */,
				DBBB54CA1B72808800E6E1B0 /* AddEventViewController.m in Sources */,
				DB27BD501B67078A0068F0BE /* SignUpViewController.m in Sources */,
				DBA4AE611B699E9A000613F8 /* Events.m in Sources */,
				DBAD31D21B805F64003C1671 /* UIView+Toast.m in Sources */,
				DB4907AF1B7951EB005B5242 /* Topics.m in Sources */,
				DB13801E1B6A86C2004965C7 /* AFURLConnectionOperation.m in Sources */,
				DB13801F1B6A86C2004965C7 /* AFURLRequestSerialization.m in Sources */,
				DB1380211B6A86C2004965C7 /* AFURLSessionManager.m in Sources */,
				DB1380201B6A86C2004965C7 /* AFURLResponseSerialization.m in Sources */,
				DB13802C1B6B10F0004965C7 /* EventsViewController.m in Sources */,
				DB1380281B6A86C2004965C7 /* UIRefreshControl+AFNetworking.m in Sources */,
				DB27BD471B67059E0068F0BE /* ccmModel.xcdatamodeld in Sources */,
				DB1380331B6B24FD004965C7 /* MessagesTableViewCell.m in Sources */,
				DB1380231B6A86C2004965C7 /* UIActivityIndicatorView+AFNetworking.m in Sources */,
				DB2BFEA61B6869C700B12A0B /* KeychainItemWrapper.m in Sources */,
				DB5AA7DD1B6DD10F00308E57 /* MainTabViewController.m in Sources */,
				DB2B7DDA1B72F2A000CC2EB5 /* AddTalkViewController.m in Sources */,
				DB1380241B6A86C2004965C7 /* UIAlertView+AFNetworking.m in Sources */,
				DB8F1C301B6D8B27007B3DAB /* TalksViewController.m in Sources */,
				DB27BD531B670B4F0068F0BE /* AdminRequest.m in Sources */,
				DBA4AE5E1B699E99000613F8 /* Groups.m in Sources */,
				DBA4AE641B699E9A000613F8 /* Talks.m in Sources */,
				DBE9E8711B6E8A1700D646E0 /* MsgTableViewController.m in Sources */,
				DB2B7DE51B72FD3600CC2EB5 /* NavTrayViewController.m in Sources */,
				DB13801C1B6A86C2004965C7 /* AFNetworkReachabilityManager.m in Sources */,
				DBE9E8741B6E9DDD00D646E0 /* EventTableViewController.m in Sources */,
				DBA4AE701B69A227000613F8 /* DataRequest.m in Sources */,
			);
			runOnlyForDeploymentPostprocessing = 0;
		};
		DB27BD2E1B6705110068F0BE /* Sources */ = {
			isa = PBXSourcesBuildPhase;
			buildActionMask = 2147483647;
			files = (
				DB27BD391B6705110068F0BE /* ccmTests.m in Sources */,
			);
			runOnlyForDeploymentPostprocessing = 0;
		};
/* End PBXSourcesBuildPhase section */

/* Begin PBXTargetDependency section */
		DB27BD341B6705110068F0BE /* PBXTargetDependency */ = {
			isa = PBXTargetDependency;
			target = DB27BD151B6705100068F0BE /* ccm */;
			targetProxy = DB27BD331B6705110068F0BE /* PBXContainerItemProxy */;
		};
/* End PBXTargetDependency section */

/* Begin PBXVariantGroup section */
		DB27BD261B6705110068F0BE /* Main.storyboard */ = {
			isa = PBXVariantGroup;
			children = (
				DB27BD271B6705110068F0BE /* Base */,
			);
			name = Main.storyboard;
			sourceTree = "<group>";
		};
		DB27BD2B1B6705110068F0BE /* LaunchScreen.xib */ = {
			isa = PBXVariantGroup;
			children = (
				DB27BD2C1B6705110068F0BE /* Base */,
			);
			name = LaunchScreen.xib;
			sourceTree = "<group>";
		};
/* End PBXVariantGroup section */

/* Begin XCBuildConfiguration section */
		DB27BD3A1B6705110068F0BE /* Debug */ = {
			isa = XCBuildConfiguration;
			buildSettings = {
				ALWAYS_SEARCH_USER_PATHS = NO;
				CLANG_CXX_LANGUAGE_STANDARD = "gnu++0x";
				CLANG_CXX_LIBRARY = "libc++";
				CLANG_ENABLE_MODULES = YES;
				CLANG_ENABLE_OBJC_ARC = YES;
				CLANG_WARN_BOOL_CONVERSION = YES;
				CLANG_WARN_CONSTANT_CONVERSION = YES;
				CLANG_WARN_DIRECT_OBJC_ISA_USAGE = YES_ERROR;
				CLANG_WARN_EMPTY_BODY = YES;
				CLANG_WARN_ENUM_CONVERSION = YES;
				CLANG_WARN_INT_CONVERSION = YES;
				CLANG_WARN_OBJC_ROOT_CLASS = YES_ERROR;
				CLANG_WARN_UNREACHABLE_CODE = YES;
				CLANG_WARN__DUPLICATE_METHOD_MATCH = YES;
				"CODE_SIGN_IDENTITY[sdk=iphoneos*]" = "iPhone Developer";
				COPY_PHASE_STRIP = NO;
				DEBUG_INFORMATION_FORMAT = "dwarf-with-dsym";
				ENABLE_STRICT_OBJC_MSGSEND = YES;
				GCC_C_LANGUAGE_STANDARD = gnu99;
				GCC_DYNAMIC_NO_PIC = NO;
				GCC_NO_COMMON_BLOCKS = YES;
				GCC_OPTIMIZATION_LEVEL = 0;
				GCC_PREPROCESSOR_DEFINITIONS = (
					"DEBUG=1",
					"$(inherited)",
				);
				GCC_SYMBOLS_PRIVATE_EXTERN = NO;
				GCC_WARN_64_TO_32_BIT_CONVERSION = YES;
				GCC_WARN_ABOUT_RETURN_TYPE = YES_ERROR;
				GCC_WARN_UNDECLARED_SELECTOR = YES;
				GCC_WARN_UNINITIALIZED_AUTOS = YES_AGGRESSIVE;
				GCC_WARN_UNUSED_FUNCTION = YES;
				GCC_WARN_UNUSED_VARIABLE = YES;
				IPHONEOS_DEPLOYMENT_TARGET = 8.3;
				MTL_ENABLE_DEBUG_INFO = YES;
				ONLY_ACTIVE_ARCH = YES;
				SDKROOT = iphoneos;
				TARGETED_DEVICE_FAMILY = "1,2";
			};
			name = Debug;
		};
		DB27BD3B1B6705110068F0BE /* Release */ = {
			isa = XCBuildConfiguration;
			buildSettings = {
				ALWAYS_SEARCH_USER_PATHS = NO;
				CLANG_CXX_LANGUAGE_STANDARD = "gnu++0x";
				CLANG_CXX_LIBRARY = "libc++";
				CLANG_ENABLE_MODULES = YES;
				CLANG_ENABLE_OBJC_ARC = YES;
				CLANG_WARN_BOOL_CONVERSION = YES;
				CLANG_WARN_CONSTANT_CONVERSION = YES;
				CLANG_WARN_DIRECT_OBJC_ISA_USAGE = YES_ERROR;
				CLANG_WARN_EMPTY_BODY = YES;
				CLANG_WARN_ENUM_CONVERSION = YES;
				CLANG_WARN_INT_CONVERSION = YES;
				CLANG_WARN_OBJC_ROOT_CLASS = YES_ERROR;
				CLANG_WARN_UNREACHABLE_CODE = YES;
				CLANG_WARN__DUPLICATE_METHOD_MATCH = YES;
				"CODE_SIGN_IDENTITY[sdk=iphoneos*]" = "iPhone Developer";
				COPY_PHASE_STRIP = NO;
				DEBUG_INFORMATION_FORMAT = "dwarf-with-dsym";
				ENABLE_NS_ASSERTIONS = NO;
				ENABLE_STRICT_OBJC_MSGSEND = YES;
				GCC_C_LANGUAGE_STANDARD = gnu99;
				GCC_NO_COMMON_BLOCKS = YES;
				GCC_WARN_64_TO_32_BIT_CONVERSION = YES;
				GCC_WARN_ABOUT_RETURN_TYPE = YES_ERROR;
				GCC_WARN_UNDECLARED_SELECTOR = YES;
				GCC_WARN_UNINITIALIZED_AUTOS = YES_AGGRESSIVE;
				GCC_WARN_UNUSED_FUNCTION = YES;
				GCC_WARN_UNUSED_VARIABLE = YES;
				IPHONEOS_DEPLOYMENT_TARGET = 8.3;
				MTL_ENABLE_DEBUG_INFO = NO;
				SDKROOT = iphoneos;
				TARGETED_DEVICE_FAMILY = "1,2";
				VALIDATE_PRODUCT = YES;
			};
			name = Release;
		};
		DB27BD3D1B6705110068F0BE /* Debug */ = {
			isa = XCBuildConfiguration;
			buildSettings = {
				ASSETCATALOG_COMPILER_APPICON_NAME = AppIcon;
				CODE_SIGN_IDENTITY = "iPhone Developer";
				INFOPLIST_FILE = ccm/Info.plist;
				LD_RUNPATH_SEARCH_PATHS = "$(inherited) @executable_path/Frameworks";
				PRODUCT_NAME = "$(TARGET_NAME)";
			};
			name = Debug;
		};
		DB27BD3E1B6705110068F0BE /* Release */ = {
			isa = XCBuildConfiguration;
			buildSettings = {
				ASSETCATALOG_COMPILER_APPICON_NAME = AppIcon;
				CODE_SIGN_IDENTITY = "iPhone Developer";
				INFOPLIST_FILE = ccm/Info.plist;
				LD_RUNPATH_SEARCH_PATHS = "$(inherited) @executable_path/Frameworks";
				PRODUCT_NAME = "$(TARGET_NAME)";
			};
			name = Release;
		};
		DB27BD401B6705110068F0BE /* Debug */ = {
			isa = XCBuildConfiguration;
			buildSettings = {
				BUNDLE_LOADER = "$(TEST_HOST)";
				FRAMEWORK_SEARCH_PATHS = (
					"$(SDKROOT)/Developer/Library/Frameworks",
					"$(inherited)",
				);
				GCC_PREPROCESSOR_DEFINITIONS = (
					"DEBUG=1",
					"$(inherited)",
				);
				INFOPLIST_FILE = ccmTests/Info.plist;
				LD_RUNPATH_SEARCH_PATHS = "$(inherited) @executable_path/Frameworks @loader_path/Frameworks";
				PRODUCT_NAME = "$(TARGET_NAME)";
				TEST_HOST = "$(BUILT_PRODUCTS_DIR)/ccm.app/ccm";
			};
			name = Debug;
		};
		DB27BD411B6705110068F0BE /* Release */ = {
			isa = XCBuildConfiguration;
			buildSettings = {
				BUNDLE_LOADER = "$(TEST_HOST)";
				FRAMEWORK_SEARCH_PATHS = (
					"$(SDKROOT)/Developer/Library/Frameworks",
					"$(inherited)",
				);
				INFOPLIST_FILE = ccmTests/Info.plist;
				LD_RUNPATH_SEARCH_PATHS = "$(inherited) @executable_path/Frameworks @loader_path/Frameworks";
				PRODUCT_NAME = "$(TARGET_NAME)";
				TEST_HOST = "$(BUILT_PRODUCTS_DIR)/ccm.app/ccm";
			};
			name = Release;
		};
/* End XCBuildConfiguration section */

/* Begin XCConfigurationList section */
		DB27BD111B6705100068F0BE /* Build configuration list for PBXProject "ccm" */ = {
			isa = XCConfigurationList;
			buildConfigurations = (
				DB27BD3A1B6705110068F0BE /* Debug */,
				DB27BD3B1B6705110068F0BE /* Release */,
			);
			defaultConfigurationIsVisible = 0;
			defaultConfigurationName = Release;
		};
		DB27BD3C1B6705110068F0BE /* Build configuration list for PBXNativeTarget "ccm" */ = {
			isa = XCConfigurationList;
			buildConfigurations = (
				DB27BD3D1B6705110068F0BE /* Debug */,
				DB27BD3E1B6705110068F0BE /* Release */,
			);
			defaultConfigurationIsVisible = 0;
			defaultConfigurationName = Release;
		};
		DB27BD3F1B6705110068F0BE /* Build configuration list for PBXNativeTarget "ccmTests" */ = {
			isa = XCConfigurationList;
			buildConfigurations = (
				DB27BD401B6705110068F0BE /* Debug */,
				DB27BD411B6705110068F0BE /* Release */,
			);
			defaultConfigurationIsVisible = 0;
			defaultConfigurationName = Release;
		};
/* End XCConfigurationList section */

/* Begin XCVersionGroup section */
		DB27BD451B67059E0068F0BE /* ccmModel.xcdatamodeld */ = {
			isa = XCVersionGroup;
			children = (
				DBFB725C1B7978560018DA40 /* ccmModel 2.xcdatamodel */,
				DB27BD461B67059E0068F0BE /* ccmModel.xcdatamodel */,
			);
			currentVersion = DBFB725C1B7978560018DA40 /* ccmModel 2.xcdatamodel */;
			path = ccmModel.xcdatamodeld;
			sourceTree = "<group>";
			versionGroupType = wrapper.xcdatamodel;
		};
/* End XCVersionGroup section */
	};
	rootObject = DB27BD0E1B6705100068F0BE /* Project object */;
}
