// !$*UTF8*$!
{
	archiveVersion = 1;
	classes = {
	};
	objectVersion = 46;
	objects = {

/* Begin PBXBuildFile section */
		DB27BD1C1B6705100068F0BE /* main.m in Sources */ = {isa = PBXBuildFile; fileRef = DB27BD1B1B6705100068F0BE /* main.m */; };
		DB27BD1F1B6705100068F0BE /* AppDelegate.m in Sources */ = {isa = PBXBuildFile; fileRef = DB27BD1E1B6705100068F0BE /* AppDelegate.m */; };
		DB27BD221B6705100068F0BE /* FirstViewController.m in Sources */ = {isa = PBXBuildFile; fileRef = DB27BD211B6705100068F0BE /* FirstViewController.m */; };
		DB27BD251B6705100068F0BE /* SecondViewController.m in Sources */ = {isa = PBXBuildFile; fileRef = DB27BD241B6705100068F0BE /* SecondViewController.m */; };
		DB27BD281B6705110068F0BE /* Main.storyboard in Resources */ = {isa = PBXBuildFile; fileRef = DB27BD261B6705110068F0BE /* Main.storyboard */; };
		DB27BD2A1B6705110068F0BE /* Images.xcassets in Resources */ = {isa = PBXBuildFile; fileRef = DB27BD291B6705110068F0BE /* Images.xcassets */; };
		DB27BD2D1B6705110068F0BE /* LaunchScreen.xib in Resources */ = {isa = PBXBuildFile; fileRef = DB27BD2B1B6705110068F0BE /* LaunchScreen.xib */; };
		DB27BD391B6705110068F0BE /* ccmTests.m in Sources */ = {isa = PBXBuildFile; fileRef = DB27BD381B6705110068F0BE /* ccmTests.m */; };
		DB27BD471B67059E0068F0BE /* ccmModel.xcdatamodeld in Sources */ = {isa = PBXBuildFile; fileRef = DB27BD451B67059E0068F0BE /* ccmModel.xcdatamodeld */; };
		DB27BD4A1B67061D0068F0BE /* Admin.storyboard in Resources */ = {isa = PBXBuildFile; fileRef = DB27BD491B67061D0068F0BE /* Admin.storyboard */; };
		DB27BD4D1B6706B80068F0BE /* SignInViewController.m in Sources */ = {isa = PBXBuildFile; fileRef = DB27BD4C1B6706B80068F0BE /* SignInViewController.m */; };
		DB27BD501B67078A0068F0BE /* SignUpViewController.m in Sources */ = {isa = PBXBuildFile; fileRef = DB27BD4F1B67078A0068F0BE /* SignUpViewController.m */; };
		DB27BD531B670B4F0068F0BE /* AdminRequest.m in Sources */ = {isa = PBXBuildFile; fileRef = DB27BD521B670B4F0068F0BE /* AdminRequest.m */; };
		DB2BFE921B67E68400B12A0B /* NavViewController.m in Sources */ = {isa = PBXBuildFile; fileRef = DB2BFE911B67E68400B12A0B /* NavViewController.m */; };
/* End PBXBuildFile section */

/* Begin PBXContainerItemProxy section */
		DB27BD331B6705110068F0BE /* PBXContainerItemProxy */ = {
			isa = PBXContainerItemProxy;
			containerPortal = DB27BD0E1B6705100068F0BE /* Project object */;
			proxyType = 1;
			remoteGlobalIDString = DB27BD151B6705100068F0BE;
			remoteInfo = ccm;
		};
/* End PBXContainerItemProxy section */

/* Begin PBXFileReference section */
		DB27BD161B6705100068F0BE /* ccm.app */ = {isa = PBXFileReference; explicitFileType = wrapper.application; includeInIndex = 0; path = ccm.app; sourceTree = BUILT_PRODUCTS_DIR; };
		DB27BD1A1B6705100068F0BE /* Info.plist */ = {isa = PBXFileReference; lastKnownFileType = text.plist.xml; path = Info.plist; sourceTree = "<group>"; };
		DB27BD1B1B6705100068F0BE /* main.m */ = {isa = PBXFileReference; lastKnownFileType = sourcecode.c.objc; path = main.m; sourceTree = "<group>"; };
		DB27BD1D1B6705100068F0BE /* AppDelegate.h */ = {isa = PBXFileReference; lastKnownFileType = sourcecode.c.h; path = AppDelegate.h; sourceTree = "<group>"; };
		DB27BD1E1B6705100068F0BE /* AppDelegate.m */ = {isa = PBXFileReference; lastKnownFileType = sourcecode.c.objc; path = AppDelegate.m; sourceTree = "<group>"; };
		DB27BD201B6705100068F0BE /* FirstViewController.h */ = {isa = PBXFileReference; lastKnownFileType = sourcecode.c.h; path = FirstViewController.h; sourceTree = "<group>"; };
		DB27BD211B6705100068F0BE /* FirstViewController.m */ = {isa = PBXFileReference; lastKnownFileType = sourcecode.c.objc; path = FirstViewController.m; sourceTree = "<group>"; };
		DB27BD231B6705100068F0BE /* SecondViewController.h */ = {isa = PBXFileReference; lastKnownFileType = sourcecode.c.h; path = SecondViewController.h; sourceTree = "<group>"; };
		DB27BD241B6705100068F0BE /* SecondViewController.m */ = {isa = PBXFileReference; lastKnownFileType = sourcecode.c.objc; path = SecondViewController.m; sourceTree = "<group>"; };
		DB27BD271B6705110068F0BE /* Base */ = {isa = PBXFileReference; lastKnownFileType = file.storyboard; name = Base; path = Base.lproj/Main.storyboard; sourceTree = "<group>"; };
		DB27BD291B6705110068F0BE /* Images.xcassets */ = {isa = PBXFileReference; lastKnownFileType = folder.assetcatalog; path = Images.xcassets; sourceTree = "<group>"; };
		DB27BD2C1B6705110068F0BE /* Base */ = {isa = PBXFileReference; lastKnownFileType = file.xib; name = Base; path = Base.lproj/LaunchScreen.xib; sourceTree = "<group>"; };
		DB27BD321B6705110068F0BE /* ccmTests.xctest */ = {isa = PBXFileReference; explicitFileType = wrapper.cfbundle; includeInIndex = 0; path = ccmTests.xctest; sourceTree = BUILT_PRODUCTS_DIR; };
		DB27BD371B6705110068F0BE /* Info.plist */ = {isa = PBXFileReference; lastKnownFileType = text.plist.xml; path = Info.plist; sourceTree = "<group>"; };
		DB27BD381B6705110068F0BE /* ccmTests.m */ = {isa = PBXFileReference; lastKnownFileType = sourcecode.c.objc; path = ccmTests.m; sourceTree = "<group>"; };
		DB27BD461B67059E0068F0BE /* ccmModel.xcdatamodel */ = {isa = PBXFileReference; lastKnownFileType = wrapper.xcdatamodel; path = ccmModel.xcdatamodel; sourceTree = "<group>"; };
		DB27BD491B67061D0068F0BE /* Admin.storyboard */ = {isa = PBXFileReference; fileEncoding = 4; lastKnownFileType = file.storyboard; path = Admin.storyboard; sourceTree = "<group>"; };
		DB27BD4B1B6706B80068F0BE /* SignInViewController.h */ = {isa = PBXFileReference; fileEncoding = 4; lastKnownFileType = sourcecode.c.h; path = SignInViewController.h; sourceTree = "<group>"; };
		DB27BD4C1B6706B80068F0BE /* SignInViewController.m */ = {isa = PBXFileReference; fileEncoding = 4; lastKnownFileType = sourcecode.c.objc; path = SignInViewController.m; sourceTree = "<group>"; };
		DB27BD4E1B67078A0068F0BE /* SignUpViewController.h */ = {isa = PBXFileReference; fileEncoding = 4; lastKnownFileType = sourcecode.c.h; path = SignUpViewController.h; sourceTree = "<group>"; };
		DB27BD4F1B67078A0068F0BE /* SignUpViewController.m */ = {isa = PBXFileReference; fileEncoding = 4; lastKnownFileType = sourcecode.c.objc; path = SignUpViewController.m; sourceTree = "<group>"; };
		DB27BD511B670B4F0068F0BE /* AdminRequest.h */ = {isa = PBXFileReference; fileEncoding = 4; lastKnownFileType = sourcecode.c.h; path = AdminRequest.h; sourceTree = "<group>"; };
		DB27BD521B670B4F0068F0BE /* AdminRequest.m */ = {isa = PBXFileReference; fileEncoding = 4; lastKnownFileType = sourcecode.c.objc; path = AdminRequest.m; sourceTree = "<group>"; };
		DB2BFE901B67E68400B12A0B /* NavViewController.h */ = {isa = PBXFileReference; fileEncoding = 4; lastKnownFileType = sourcecode.c.h; path = NavViewController.h; sourceTree = "<group>"; };
		DB2BFE911B67E68400B12A0B /* NavViewController.m */ = {isa = PBXFileReference; fileEncoding = 4; lastKnownFileType = sourcecode.c.objc; path = NavViewController.m; sourceTree = "<group>"; };
/* End PBXFileReference section */

/* Begin PBXFrameworksBuildPhase section */
		DB27BD131B6705100068F0BE /* Frameworks */ = {
			isa = PBXFrameworksBuildPhase;
			buildActionMask = 2147483647;
			files = (
			);
			runOnlyForDeploymentPostprocessing = 0;
		};
		DB27BD2F1B6705110068F0BE /* Frameworks */ = {
			isa = PBXFrameworksBuildPhase;
			buildActionMask = 2147483647;
			files = (
			);
			runOnlyForDeploymentPostprocessing = 0;
		};
/* End PBXFrameworksBuildPhase section */

/* Begin PBXGroup section */
		DB27BD0D1B6705100068F0BE = {
			isa = PBXGroup;
			children = (
				DB27BD181B6705100068F0BE /* ccm */,
				DB27BD351B6705110068F0BE /* ccmTests */,
				DB27BD171B6705100068F0BE /* Products */,
			);
			sourceTree = "<group>";
		};
		DB27BD171B6705100068F0BE /* Products */ = {
			isa = PBXGroup;
			children = (
				DB27BD161B6705100068F0BE /* ccm.app */,
				DB27BD321B6705110068F0BE /* ccmTests.xctest */,
			);
			name = Products;
			sourceTree = "<group>";
		};
		DB27BD181B6705100068F0BE /* ccm */ = {
			isa = PBXGroup;
			children = (
				DB27BD451B67059E0068F0BE /* ccmModel.xcdatamodeld */,
				DB27BD1D1B6705100068F0BE /* AppDelegate.h */,
				DB27BD1E1B6705100068F0BE /* AppDelegate.m */,
				DB27BD201B6705100068F0BE /* FirstViewController.h */,
				DB27BD211B6705100068F0BE /* FirstViewController.m */,
				DB27BD231B6705100068F0BE /* SecondViewController.h */,
				DB27BD241B6705100068F0BE /* SecondViewController.m */,
				DB27BD481B6705F90068F0BE /* admin */,
				DB27BD261B6705110068F0BE /* Main.storyboard */,
				DB2BFE901B67E68400B12A0B /* NavViewController.h */,
				DB2BFE911B67E68400B12A0B /* NavViewController.m */,
				DB27BD291B6705110068F0BE /* Images.xcassets */,
				DB27BD2B1B6705110068F0BE /* LaunchScreen.xib */,
				DB27BD191B6705100068F0BE /* Supporting Files */,
			);
			path = ccm;
			sourceTree = "<group>";
		};
		DB27BD191B6705100068F0BE /* Supporting Files */ = {
			isa = PBXGroup;
			children = (
				DB27BD1A1B6705100068F0BE /* Info.plist */,
				DB27BD1B1B6705100068F0BE /* main.m */,
			);
			name = "Supporting Files";
			sourceTree = "<group>";
		};
		DB27BD351B6705110068F0BE /* ccmTests */ = {
			isa = PBXGroup;
			children = (
				DB27BD381B6705110068F0BE /* ccmTests.m */,
				DB27BD361B6705110068F0BE /* Supporting Files */,
			);
			path = ccmTests;
			sourceTree = "<group>";
		};
		DB27BD361B6705110068F0BE /* Supporting Files */ = {
			isa = PBXGroup;
			children = (
				DB27BD371B6705110068F0BE /* Info.plist */,
			);
			name = "Supporting Files";
			sourceTree = "<group>";
		};
		DB27BD481B6705F90068F0BE /* admin */ = {
			isa = PBXGroup;
			children = (
				DB27BD491B67061D0068F0BE /* Admin.storyboard */,
				DB27BD4E1B67078A0068F0BE /* SignUpViewController.h */,
				DB27BD4F1B67078A0068F0BE /* SignUpViewController.m */,
				DB27BD4B1B6706B80068F0BE /* SignInViewController.h */,
				DB27BD4C1B6706B80068F0BE /* SignInViewController.m */,
				DB27BD511B670B4F0068F0BE /* AdminRequest.h */,
				DB27BD521B670B4F0068F0BE /* AdminRequest.m */,
			);
			name = admin;
			sourceTree = "<group>";
		};
/* End PBXGroup section */

/* Begin PBXNativeTarget section */
		DB27BD151B6705100068F0BE /* ccm */ = {
			isa = PBXNativeTarget;
			buildConfigurationList = DB27BD3C1B6705110068F0BE /* Build configuration list for PBXNativeTarget "ccm" */;
			buildPhases = (
				DB27BD121B6705100068F0BE /* Sources */,
				DB27BD131B6705100068F0BE /* Frameworks */,
				DB27BD141B6705100068F0BE /* Resources */,
			);
			buildRules = (
			);
			dependencies = (
			);
			name = ccm;
			productName = ccm;
			productReference = DB27BD161B6705100068F0BE /* ccm.app */;
			productType = "com.apple.product-type.application";
		};
		DB27BD311B6705110068F0BE /* ccmTests */ = {
			isa = PBXNativeTarget;
			buildConfigurationList = DB27BD3F1B6705110068F0BE /* Build configuration list for PBXNativeTarget "ccmTests" */;
			buildPhases = (
				DB27BD2E1B6705110068F0BE /* Sources */,
				DB27BD2F1B6705110068F0BE /* Frameworks */,
				DB27BD301B6705110068F0BE /* Resources */,
			);
			buildRules = (
			);
			dependencies = (
				DB27BD341B6705110068F0BE /* PBXTargetDependency */,
			);
			name = ccmTests;
			productName = ccmTests;
			productReference = DB27BD321B6705110068F0BE /* ccmTests.xctest */;
			productType = "com.apple.product-type.bundle.unit-test";
		};
/* End PBXNativeTarget section */

/* Begin PBXProject section */
		DB27BD0E1B6705100068F0BE /* Project object */ = {
			isa = PBXProject;
			attributes = {
				LastUpgradeCheck = 0630;
				ORGANIZATIONNAME = "Brenton Durkee";
				TargetAttributes = {
					DB27BD151B6705100068F0BE = {
						CreatedOnToolsVersion = 6.3;
					};
					DB27BD311B6705110068F0BE = {
						CreatedOnToolsVersion = 6.3;
						TestTargetID = DB27BD151B6705100068F0BE;
					};
				};
			};
			buildConfigurationList = DB27BD111B6705100068F0BE /* Build configuration list for PBXProject "ccm" */;
			compatibilityVersion = "Xcode 3.2";
			developmentRegion = English;
			hasScannedForEncodings = 0;
			knownRegions = (
				en,
				Base,
			);
			mainGroup = DB27BD0D1B6705100068F0BE;
			productRefGroup = DB27BD171B6705100068F0BE /* Products */;
			projectDirPath = "";
			projectRoot = "";
			targets = (
				DB27BD151B6705100068F0BE /* ccm */,
				DB27BD311B6705110068F0BE /* ccmTests */,
			);
		};
/* End PBXProject section */

/* Begin PBXResourcesBuildPhase section */
		DB27BD141B6705100068F0BE /* Resources */ = {
			isa = PBXResourcesBuildPhase;
			buildActionMask = 2147483647;
			files = (
				DB27BD4A1B67061D0068F0BE /* Admin.storyboard in Resources */,
				DB27BD281B6705110068F0BE /* Main.storyboard in Resources */,
				DB27BD2D1B6705110068F0BE /* LaunchScreen.xib in Resources */,
				DB27BD2A1B6705110068F0BE /* Images.xcassets in Resources */,
			);
			runOnlyForDeploymentPostprocessing = 0;
		};
		DB27BD301B6705110068F0BE /* Resources */ = {
			isa = PBXResourcesBuildPhase;
			buildActionMask = 2147483647;
			files = (
			);
			runOnlyForDeploymentPostprocessing = 0;
		};
/* End PBXResourcesBuildPhase section */

/* Begin PBXSourcesBuildPhase section */
		DB27BD121B6705100068F0BE /* Sources */ = {
			isa = PBXSourcesBuildPhase;
			buildActionMask = 2147483647;
			files = (
				DB27BD251B6705100068F0BE /* SecondViewController.m in Sources */,
				DB2BFE921B67E68400B12A0B /* NavViewController.m in Sources */,
				DB27BD1F1B6705100068F0BE /* AppDelegate.m in Sources */,
				DB27BD221B6705100068F0BE /* FirstViewController.m in Sources */,
				DB27BD1C1B6705100068F0BE /* main.m in Sources */,
				DB27BD4D1B6706B80068F0BE /* SignInViewController.m in Sources */,
				DB27BD501B67078A0068F0BE /* SignUpViewController.m in Sources */,
				DB27BD471B67059E0068F0BE /* ccmModel.xcdatamodeld in Sources */,
				DB27BD531B670B4F0068F0BE /* AdminRequest.m in Sources */,
			);
			runOnlyForDeploymentPostprocessing = 0;
		};
		DB27BD2E1B6705110068F0BE /* Sources */ = {
			isa = PBXSourcesBuildPhase;
			buildActionMask = 2147483647;
			files = (
				DB27BD391B6705110068F0BE /* ccmTests.m in Sources */,
			);
			runOnlyForDeploymentPostprocessing = 0;
		};
/* End PBXSourcesBuildPhase section */

/* Begin PBXTargetDependency section */
		DB27BD341B6705110068F0BE /* PBXTargetDependency */ = {
			isa = PBXTargetDependency;
			target = DB27BD151B6705100068F0BE /* ccm */;
			targetProxy = DB27BD331B6705110068F0BE /* PBXContainerItemProxy */;
		};
/* End PBXTargetDependency section */

/* Begin PBXVariantGroup section */
		DB27BD261B6705110068F0BE /* Main.storyboard */ = {
			isa = PBXVariantGroup;
			children = (
				DB27BD271B6705110068F0BE /* Base */,
			);
			name = Main.storyboard;
			sourceTree = "<group>";
		};
		DB27BD2B1B6705110068F0BE /* LaunchScreen.xib */ = {
			isa = PBXVariantGroup;
			children = (
				DB27BD2C1B6705110068F0BE /* Base */,
			);
			name = LaunchScreen.xib;
			sourceTree = "<group>";
		};
/* End PBXVariantGroup section */

/* Begin XCBuildConfiguration section */
		DB27BD3A1B6705110068F0BE /* Debug */ = {
			isa = XCBuildConfiguration;
			buildSettings = {
				ALWAYS_SEARCH_USER_PATHS = NO;
				CLANG_CXX_LANGUAGE_STANDARD = "gnu++0x";
				CLANG_CXX_LIBRARY = "libc++";
				CLANG_ENABLE_MODULES = YES;
				CLANG_ENABLE_OBJC_ARC = YES;
				CLANG_WARN_BOOL_CONVERSION = YES;
				CLANG_WARN_CONSTANT_CONVERSION = YES;
				CLANG_WARN_DIRECT_OBJC_ISA_USAGE = YES_ERROR;
				CLANG_WARN_EMPTY_BODY = YES;
				CLANG_WARN_ENUM_CONVERSION = YES;
				CLANG_WARN_INT_CONVERSION = YES;
				CLANG_WARN_OBJC_ROOT_CLASS = YES_ERROR;
				CLANG_WARN_UNREACHABLE_CODE = YES;
				CLANG_WARN__DUPLICATE_METHOD_MATCH = YES;
				"CODE_SIGN_IDENTITY[sdk=iphoneos*]" = "iPhone Developer";
				COPY_PHASE_STRIP = NO;
				DEBUG_INFORMATION_FORMAT = "dwarf-with-dsym";
				ENABLE_STRICT_OBJC_MSGSEND = YES;
				GCC_C_LANGUAGE_STANDARD = gnu99;
				GCC_DYNAMIC_NO_PIC = NO;
				GCC_NO_COMMON_BLOCKS = YES;
				GCC_OPTIMIZATION_LEVEL = 0;
				GCC_PREPROCESSOR_DEFINITIONS = (
					"DEBUG=1",
					"$(inherited)",
				);
				GCC_SYMBOLS_PRIVATE_EXTERN = NO;
				GCC_WARN_64_TO_32_BIT_CONVERSION = YES;
				GCC_WARN_ABOUT_RETURN_TYPE = YES_ERROR;
				GCC_WARN_UNDECLARED_SELECTOR = YES;
				GCC_WARN_UNINITIALIZED_AUTOS = YES_AGGRESSIVE;
				GCC_WARN_UNUSED_FUNCTION = YES;
				GCC_WARN_UNUSED_VARIABLE = YES;
				IPHONEOS_DEPLOYMENT_TARGET = 8.3;
				MTL_ENABLE_DEBUG_INFO = YES;
				ONLY_ACTIVE_ARCH = YES;
				SDKROOT = iphoneos;
				TARGETED_DEVICE_FAMILY = "1,2";
			};
			name = Debug;
		};
		DB27BD3B1B6705110068F0BE /* Release */ = {
			isa = XCBuildConfiguration;
			buildSettings = {
				ALWAYS_SEARCH_USER_PATHS = NO;
				CLANG_CXX_LANGUAGE_STANDARD = "gnu++0x";
				CLANG_CXX_LIBRARY = "libc++";
				CLANG_ENABLE_MODULES = YES;
				CLANG_ENABLE_OBJC_ARC = YES;
				CLANG_WARN_BOOL_CONVERSION = YES;
				CLANG_WARN_CONSTANT_CONVERSION = YES;
				CLANG_WARN_DIRECT_OBJC_ISA_USAGE = YES_ERROR;
				CLANG_WARN_EMPTY_BODY = YES;
				CLANG_WARN_ENUM_CONVERSION = YES;
				CLANG_WARN_INT_CONVERSION = YES;
				CLANG_WARN_OBJC_ROOT_CLASS = YES_ERROR;
				CLANG_WARN_UNREACHABLE_CODE = YES;
				CLANG_WARN__DUPLICATE_METHOD_MATCH = YES;
				"CODE_SIGN_IDENTITY[sdk=iphoneos*]" = "iPhone Developer";
				COPY_PHASE_STRIP = NO;
				DEBUG_INFORMATION_FORMAT = "dwarf-with-dsym";
				ENABLE_NS_ASSERTIONS = NO;
				ENABLE_STRICT_OBJC_MSGSEND = YES;
				GCC_C_LANGUAGE_STANDARD = gnu99;
				GCC_NO_COMMON_BLOCKS = YES;
				GCC_WARN_64_TO_32_BIT_CONVERSION = YES;
				GCC_WARN_ABOUT_RETURN_TYPE = YES_ERROR;
				GCC_WARN_UNDECLARED_SELECTOR = YES;
				GCC_WARN_UNINITIALIZED_AUTOS = YES_AGGRESSIVE;
				GCC_WARN_UNUSED_FUNCTION = YES;
				GCC_WARN_UNUSED_VARIABLE = YES;
				IPHONEOS_DEPLOYMENT_TARGET = 8.3;
				MTL_ENABLE_DEBUG_INFO = NO;
				SDKROOT = iphoneos;
				TARGETED_DEVICE_FAMILY = "1,2";
				VALIDATE_PRODUCT = YES;
			};
			name = Release;
		};
		DB27BD3D1B6705110068F0BE /* Debug */ = {
			isa = XCBuildConfiguration;
			buildSettings = {
				ASSETCATALOG_COMPILER_APPICON_NAME = AppIcon;
				INFOPLIST_FILE = ccm/Info.plist;
				LD_RUNPATH_SEARCH_PATHS = "$(inherited) @executable_path/Frameworks";
				PRODUCT_NAME = "$(TARGET_NAME)";
			};
			name = Debug;
		};
		DB27BD3E1B6705110068F0BE /* Release */ = {
			isa = XCBuildConfiguration;
			buildSettings = {
				ASSETCATALOG_COMPILER_APPICON_NAME = AppIcon;
				INFOPLIST_FILE = ccm/Info.plist;
				LD_RUNPATH_SEARCH_PATHS = "$(inherited) @executable_path/Frameworks";
				PRODUCT_NAME = "$(TARGET_NAME)";
			};
			name = Release;
		};
		DB27BD401B6705110068F0BE /* Debug */ = {
			isa = XCBuildConfiguration;
			buildSettings = {
				BUNDLE_LOADER = "$(TEST_HOST)";
				FRAMEWORK_SEARCH_PATHS = (
					"$(SDKROOT)/Developer/Library/Frameworks",
					"$(inherited)",
				);
				GCC_PREPROCESSOR_DEFINITIONS = (
					"DEBUG=1",
					"$(inherited)",
				);
				INFOPLIST_FILE = ccmTests/Info.plist;
				LD_RUNPATH_SEARCH_PATHS = "$(inherited) @executable_path/Frameworks @loader_path/Frameworks";
				PRODUCT_NAME = "$(TARGET_NAME)";
				TEST_HOST = "$(BUILT_PRODUCTS_DIR)/ccm.app/ccm";
			};
			name = Debug;
		};
		DB27BD411B6705110068F0BE /* Release */ = {
			isa = XCBuildConfiguration;
			buildSettings = {
				BUNDLE_LOADER = "$(TEST_HOST)";
				FRAMEWORK_SEARCH_PATHS = (
					"$(SDKROOT)/Developer/Library/Frameworks",
					"$(inherited)",
				);
				INFOPLIST_FILE = ccmTests/Info.plist;
				LD_RUNPATH_SEARCH_PATHS = "$(inherited) @executable_path/Frameworks @loader_path/Frameworks";
				PRODUCT_NAME = "$(TARGET_NAME)";
				TEST_HOST = "$(BUILT_PRODUCTS_DIR)/ccm.app/ccm";
			};
			name = Release;
		};
/* End XCBuildConfiguration section */

/* Begin XCConfigurationList section */
		DB27BD111B6705100068F0BE /* Build configuration list for PBXProject "ccm" */ = {
			isa = XCConfigurationList;
			buildConfigurations = (
				DB27BD3A1B6705110068F0BE /* Debug */,
				DB27BD3B1B6705110068F0BE /* Release */,
			);
			defaultConfigurationIsVisible = 0;
			defaultConfigurationName = Release;
		};
		DB27BD3C1B6705110068F0BE /* Build configuration list for PBXNativeTarget "ccm" */ = {
			isa = XCConfigurationList;
			buildConfigurations = (
				DB27BD3D1B6705110068F0BE /* Debug */,
				DB27BD3E1B6705110068F0BE /* Release */,
			);
			defaultConfigurationIsVisible = 0;
			defaultConfigurationName = Release;
		};
		DB27BD3F1B6705110068F0BE /* Build configuration list for PBXNativeTarget "ccmTests" */ = {
			isa = XCConfigurationList;
			buildConfigurations = (
				DB27BD401B6705110068F0BE /* Debug */,
				DB27BD411B6705110068F0BE /* Release */,
			);
			defaultConfigurationIsVisible = 0;
			defaultConfigurationName = Release;
		};
/* End XCConfigurationList section */

/* Begin XCVersionGroup section */
		DB27BD451B67059E0068F0BE /* ccmModel.xcdatamodeld */ = {
			isa = XCVersionGroup;
			children = (
				DB27BD461B67059E0068F0BE /* ccmModel.xcdatamodel */,
			);
			currentVersion = DB27BD461B67059E0068F0BE /* ccmModel.xcdatamodel */;
			path = ccmModel.xcdatamodeld;
			sourceTree = "<group>";
			versionGroupType = wrapper.xcdatamodel;
		};
/* End XCVersionGroup section */
	};
	rootObject = DB27BD0E1B6705100068F0BE /* Project object */;
}
